// !$*UTF8*$!
{
	archiveVersion = 1;
	classes = {
	};
	objectVersion = 46;
	objects = {

/* Begin PBXBuildFile section */
		6617410D1D2B637C005A5221 /* FanRootViewController.m in Sources */ = {isa = PBXBuildFile; fileRef = 6617410C1D2B637C005A5221 /* FanRootViewController.m */; };
		661741101D2B63EE005A5221 /* FanNavigationController.m in Sources */ = {isa = PBXBuildFile; fileRef = 6617410F1D2B63EE005A5221 /* FanNavigationController.m */; };
		661741131D2B66D5005A5221 /* FanKitTableViewController.m in Sources */ = {isa = PBXBuildFile; fileRef = 661741121D2B66D5005A5221 /* FanKitTableViewController.m */; };
		662D05E122A79DE80016723A /* FanCopyLabel.m in Sources */ = {isa = PBXBuildFile; fileRef = 662D05DF22A79DE80016723A /* FanCopyLabel.m */; };
		6639A19C2171B35400231B42 /* FanToolBox.m in Sources */ = {isa = PBXBuildFile; fileRef = 6639A19B2171B35400231B42 /* FanToolBox.m */; };
		6639A19F2171B4EE00231B42 /* FanDrawLayer.m in Sources */ = {isa = PBXBuildFile; fileRef = 6639A19D2171B4EE00231B42 /* FanDrawLayer.m */; };
		6639A1A42171B6CA00231B42 /* FanAlertController.m in Sources */ = {isa = PBXBuildFile; fileRef = 6639A1A22171B6CA00231B42 /* FanAlertController.m */; };
		6639A1A52171B6CA00231B42 /* FanProgressHUD.m in Sources */ = {isa = PBXBuildFile; fileRef = 6639A1A32171B6CA00231B42 /* FanProgressHUD.m */; };
		6640957B22C36D3A0097F4CB /* FanAnyObject.m in Sources */ = {isa = PBXBuildFile; fileRef = 6640957622C36D3A0097F4CB /* FanAnyObject.m */; };
		6640957C22C36D3A0097F4CB /* NSBundle+FanKit.m in Sources */ = {isa = PBXBuildFile; fileRef = 6640957722C36D3A0097F4CB /* NSBundle+FanKit.m */; };
		6640957D22C36D3A0097F4CB /* FanKit.bundle in Resources */ = {isa = PBXBuildFile; fileRef = 6640957A22C36D3A0097F4CB /* FanKit.bundle */; };
		666C8D1E1D4B2B7E0071E6CD /* NSDictionary+FanNull.m in Sources */ = {isa = PBXBuildFile; fileRef = 666C8D1D1D4B2B7E0071E6CD /* NSDictionary+FanNull.m */; };
		667A9FC71CFEC619009B1D53 /* main.m in Sources */ = {isa = PBXBuildFile; fileRef = 667A9FC61CFEC619009B1D53 /* main.m */; };
		667A9FCA1CFEC619009B1D53 /* AppDelegate.m in Sources */ = {isa = PBXBuildFile; fileRef = 667A9FC91CFEC619009B1D53 /* AppDelegate.m */; };
		667A9FCD1CFEC619009B1D53 /* ViewController.m in Sources */ = {isa = PBXBuildFile; fileRef = 667A9FCC1CFEC619009B1D53 /* ViewController.m */; };
		667A9FD01CFEC619009B1D53 /* Main.storyboard in Resources */ = {isa = PBXBuildFile; fileRef = 667A9FCE1CFEC619009B1D53 /* Main.storyboard */; };
		667A9FD21CFEC619009B1D53 /* Assets.xcassets in Resources */ = {isa = PBXBuildFile; fileRef = 667A9FD11CFEC619009B1D53 /* Assets.xcassets */; };
		667A9FD51CFEC619009B1D53 /* LaunchScreen.storyboard in Resources */ = {isa = PBXBuildFile; fileRef = 667A9FD31CFEC619009B1D53 /* LaunchScreen.storyboard */; };
		667A9FE01CFEC619009B1D53 /* FanKitTests.m in Sources */ = {isa = PBXBuildFile; fileRef = 667A9FDF1CFEC619009B1D53 /* FanKitTests.m */; };
		667A9FEB1CFEC619009B1D53 /* FanKitUITests.m in Sources */ = {isa = PBXBuildFile; fileRef = 667A9FEA1CFEC619009B1D53 /* FanKitUITests.m */; };
		6683109122842F1500444009 /* FanColorView.m in Sources */ = {isa = PBXBuildFile; fileRef = 6683109022842F1500444009 /* FanColorView.m */; };
		66A5071E1D06E1AA00D5EC34 /* FanAnimationToll.m in Sources */ = {isa = PBXBuildFile; fileRef = 66A507191D06E1AA00D5EC34 /* FanAnimationToll.m */; };
		66A5071F1D06E1AA00D5EC34 /* UIView+FanAutoLayout.m in Sources */ = {isa = PBXBuildFile; fileRef = 66A5071D1D06E1AA00D5EC34 /* UIView+FanAutoLayout.m */; };
		66B396551D2A144900A40A06 /* FanDataTool.m in Sources */ = {isa = PBXBuildFile; fileRef = 66B396541D2A144900A40A06 /* FanDataTool.m */; };
		66B396581D2A150200A40A06 /* FanUIKit.m in Sources */ = {isa = PBXBuildFile; fileRef = 66B396571D2A150200A40A06 /* FanUIKit.m */; };
		66B3965C1D2A1F9A00A40A06 /* UIViewController+FanRoot.m in Sources */ = {isa = PBXBuildFile; fileRef = 66B3965B1D2A1F9A00A40A06 /* UIViewController+FanRoot.m */; };
		66B396611D2A3F0C00A40A06 /* FanSideslipManager.m in Sources */ = {isa = PBXBuildFile; fileRef = 66B396601D2A3F0C00A40A06 /* FanSideslipManager.m */; };
		66B396651D2A3F2200A40A06 /* FanDragBubbleView.m in Sources */ = {isa = PBXBuildFile; fileRef = 66B396641D2A3F2200A40A06 /* FanDragBubbleView.m */; };
		66B396681D2A416600A40A06 /* NSNull+FanNull.m in Sources */ = {isa = PBXBuildFile; fileRef = 66B396671D2A416600A40A06 /* NSNull+FanNull.m */; };
		66B396711D2A480600A40A06 /* NSObject+FanDictionary.m in Sources */ = {isa = PBXBuildFile; fileRef = 66B396701D2A480600A40A06 /* NSObject+FanDictionary.m */; };
		66B396741D2A496300A40A06 /* NSString+FanTime.m in Sources */ = {isa = PBXBuildFile; fileRef = 66B396731D2A496300A40A06 /* NSString+FanTime.m */; };
		66B3967E1D2A52B400A40A06 /* FanActionSheetView.m in Sources */ = {isa = PBXBuildFile; fileRef = 66B396771D2A52B400A40A06 /* FanActionSheetView.m */; };
		66B3967F1D2A52B400A40A06 /* FanShareView.m in Sources */ = {isa = PBXBuildFile; fileRef = 66B396791D2A52B400A40A06 /* FanShareView.m */; };
		66B396801D2A52B400A40A06 /* FanShowAlertView.m in Sources */ = {isa = PBXBuildFile; fileRef = 66B3967B1D2A52B400A40A06 /* FanShowAlertView.m */; };
		66B396811D2A52B400A40A06 /* FanShowView.m in Sources */ = {isa = PBXBuildFile; fileRef = 66B3967D1D2A52B400A40A06 /* FanShowView.m */; };
		66B396871D2A532000A40A06 /* FanGesturePasswordView.m in Sources */ = {isa = PBXBuildFile; fileRef = 66B396841D2A532000A40A06 /* FanGesturePasswordView.m */; };
		66B396881D2A532000A40A06 /* FanLockNodeView.m in Sources */ = {isa = PBXBuildFile; fileRef = 66B396861D2A532000A40A06 /* FanLockNodeView.m */; };
		66B3968C1D2A536400A40A06 /* FanSwiperbleView.m in Sources */ = {isa = PBXBuildFile; fileRef = 66B3968B1D2A536400A40A06 /* FanSwiperbleView.m */; };
		66E81A551E7253B8008E887E /* FanTestViewController.m in Sources */ = {isa = PBXBuildFile; fileRef = 66E81A541E7253B8008E887E /* FanTestViewController.m */; };
		66E81A5F1E72A791008E887E /* FanCommonViewController.m in Sources */ = {isa = PBXBuildFile; fileRef = 66E81A5E1E72A791008E887E /* FanCommonViewController.m */; };
		66E81A621E72B782008E887E /* FanGesturePasswordViewController.m in Sources */ = {isa = PBXBuildFile; fileRef = 66E81A611E72B782008E887E /* FanGesturePasswordViewController.m */; };
		66E81A651E72C069008E887E /* FanSwiperbleViewController.m in Sources */ = {isa = PBXBuildFile; fileRef = 66E81A641E72C069008E887E /* FanSwiperbleViewController.m */; };
		66E81A681E72C319008E887E /* swip1.jpg in Resources */ = {isa = PBXBuildFile; fileRef = 66E81A661E72C319008E887E /* swip1.jpg */; };
		66E81A691E72C319008E887E /* swip2.jpg in Resources */ = {isa = PBXBuildFile; fileRef = 66E81A671E72C319008E887E /* swip2.jpg */; };
		66E81A6B1E72C326008E887E /* peerImage@2x.png in Resources */ = {isa = PBXBuildFile; fileRef = 66E81A6A1E72C326008E887E /* peerImage@2x.png */; };
/* End PBXBuildFile section */

/* Begin PBXContainerItemProxy section */
		667A9FDC1CFEC619009B1D53 /* PBXContainerItemProxy */ = {
			isa = PBXContainerItemProxy;
			containerPortal = 667A9FBA1CFEC619009B1D53 /* Project object */;
			proxyType = 1;
			remoteGlobalIDString = 667A9FC11CFEC619009B1D53;
			remoteInfo = FanKit;
		};
		667A9FE71CFEC619009B1D53 /* PBXContainerItemProxy */ = {
			isa = PBXContainerItemProxy;
			containerPortal = 667A9FBA1CFEC619009B1D53 /* Project object */;
			proxyType = 1;
			remoteGlobalIDString = 667A9FC11CFEC619009B1D53;
			remoteInfo = FanKit;
		};
/* End PBXContainerItemProxy section */

/* Begin PBXFileReference section */
		6617410B1D2B637C005A5221 /* FanRootViewController.h */ = {isa = PBXFileReference; fileEncoding = 4; lastKnownFileType = sourcecode.c.h; path = FanRootViewController.h; sourceTree = "<group>"; };
		6617410C1D2B637C005A5221 /* FanRootViewController.m */ = {isa = PBXFileReference; fileEncoding = 4; lastKnownFileType = sourcecode.c.objc; path = FanRootViewController.m; sourceTree = "<group>"; };
		6617410E1D2B63EE005A5221 /* FanNavigationController.h */ = {isa = PBXFileReference; fileEncoding = 4; lastKnownFileType = sourcecode.c.h; path = FanNavigationController.h; sourceTree = "<group>"; };
		6617410F1D2B63EE005A5221 /* FanNavigationController.m */ = {isa = PBXFileReference; fileEncoding = 4; lastKnownFileType = sourcecode.c.objc; path = FanNavigationController.m; sourceTree = "<group>"; };
		661741111D2B66D5005A5221 /* FanKitTableViewController.h */ = {isa = PBXFileReference; fileEncoding = 4; lastKnownFileType = sourcecode.c.h; path = FanKitTableViewController.h; sourceTree = "<group>"; };
		661741121D2B66D5005A5221 /* FanKitTableViewController.m */ = {isa = PBXFileReference; fileEncoding = 4; lastKnownFileType = sourcecode.c.objc; path = FanKitTableViewController.m; sourceTree = "<group>"; };
		662D05DF22A79DE80016723A /* FanCopyLabel.m */ = {isa = PBXFileReference; fileEncoding = 4; lastKnownFileType = sourcecode.c.objc; path = FanCopyLabel.m; sourceTree = "<group>"; };
		662D05E022A79DE80016723A /* FanCopyLabel.h */ = {isa = PBXFileReference; fileEncoding = 4; lastKnownFileType = sourcecode.c.h; path = FanCopyLabel.h; sourceTree = "<group>"; };
		6639A19A2171B35400231B42 /* FanToolBox.h */ = {isa = PBXFileReference; fileEncoding = 4; lastKnownFileType = sourcecode.c.h; path = FanToolBox.h; sourceTree = "<group>"; };
		6639A19B2171B35400231B42 /* FanToolBox.m */ = {isa = PBXFileReference; fileEncoding = 4; lastKnownFileType = sourcecode.c.objc; path = FanToolBox.m; sourceTree = "<group>"; };
		6639A19D2171B4EE00231B42 /* FanDrawLayer.m */ = {isa = PBXFileReference; fileEncoding = 4; lastKnownFileType = sourcecode.c.objc; path = FanDrawLayer.m; sourceTree = "<group>"; };
		6639A19E2171B4EE00231B42 /* FanDrawLayer.h */ = {isa = PBXFileReference; fileEncoding = 4; lastKnownFileType = sourcecode.c.h; path = FanDrawLayer.h; sourceTree = "<group>"; };
		6639A1A02171B6CA00231B42 /* FanAlertController.h */ = {isa = PBXFileReference; fileEncoding = 4; lastKnownFileType = sourcecode.c.h; path = FanAlertController.h; sourceTree = "<group>"; };
		6639A1A12171B6CA00231B42 /* FanProgressHUD.h */ = {isa = PBXFileReference; fileEncoding = 4; lastKnownFileType = sourcecode.c.h; path = FanProgressHUD.h; sourceTree = "<group>"; };
		6639A1A22171B6CA00231B42 /* FanAlertController.m */ = {isa = PBXFileReference; fileEncoding = 4; lastKnownFileType = sourcecode.c.objc; path = FanAlertController.m; sourceTree = "<group>"; };
		6639A1A32171B6CA00231B42 /* FanProgressHUD.m */ = {isa = PBXFileReference; fileEncoding = 4; lastKnownFileType = sourcecode.c.objc; path = FanProgressHUD.m; sourceTree = "<group>"; };
		6640957622C36D3A0097F4CB /* FanAnyObject.m */ = {isa = PBXFileReference; fileEncoding = 4; lastKnownFileType = sourcecode.c.objc; path = FanAnyObject.m; sourceTree = "<group>"; };
		6640957722C36D3A0097F4CB /* NSBundle+FanKit.m */ = {isa = PBXFileReference; fileEncoding = 4; lastKnownFileType = sourcecode.c.objc; path = "NSBundle+FanKit.m"; sourceTree = "<group>"; };
		6640957822C36D3A0097F4CB /* FanAnyObject.h */ = {isa = PBXFileReference; fileEncoding = 4; lastKnownFileType = sourcecode.c.h; path = FanAnyObject.h; sourceTree = "<group>"; };
		6640957922C36D3A0097F4CB /* NSBundle+FanKit.h */ = {isa = PBXFileReference; fileEncoding = 4; lastKnownFileType = sourcecode.c.h; path = "NSBundle+FanKit.h"; sourceTree = "<group>"; };
		6640957A22C36D3A0097F4CB /* FanKit.bundle */ = {isa = PBXFileReference; lastKnownFileType = "wrapper.plug-in"; path = FanKit.bundle; sourceTree = "<group>"; };
		666C8D1C1D4B2B7E0071E6CD /* NSDictionary+FanNull.h */ = {isa = PBXFileReference; fileEncoding = 4; lastKnownFileType = sourcecode.c.h; path = "NSDictionary+FanNull.h"; sourceTree = "<group>"; };
		666C8D1D1D4B2B7E0071E6CD /* NSDictionary+FanNull.m */ = {isa = PBXFileReference; fileEncoding = 4; lastKnownFileType = sourcecode.c.objc; path = "NSDictionary+FanNull.m"; sourceTree = "<group>"; };
		667A9FC21CFEC619009B1D53 /* FanKit.app */ = {isa = PBXFileReference; explicitFileType = wrapper.application; includeInIndex = 0; path = FanKit.app; sourceTree = BUILT_PRODUCTS_DIR; };
		667A9FC61CFEC619009B1D53 /* main.m */ = {isa = PBXFileReference; lastKnownFileType = sourcecode.c.objc; path = main.m; sourceTree = "<group>"; };
		667A9FC81CFEC619009B1D53 /* AppDelegate.h */ = {isa = PBXFileReference; lastKnownFileType = sourcecode.c.h; path = AppDelegate.h; sourceTree = "<group>"; };
		667A9FC91CFEC619009B1D53 /* AppDelegate.m */ = {isa = PBXFileReference; lastKnownFileType = sourcecode.c.objc; path = AppDelegate.m; sourceTree = "<group>"; };
		667A9FCB1CFEC619009B1D53 /* ViewController.h */ = {isa = PBXFileReference; lastKnownFileType = sourcecode.c.h; path = ViewController.h; sourceTree = "<group>"; };
		667A9FCC1CFEC619009B1D53 /* ViewController.m */ = {isa = PBXFileReference; lastKnownFileType = sourcecode.c.objc; path = ViewController.m; sourceTree = "<group>"; };
		667A9FCF1CFEC619009B1D53 /* Base */ = {isa = PBXFileReference; lastKnownFileType = file.storyboard; name = Base; path = Base.lproj/Main.storyboard; sourceTree = "<group>"; };
		667A9FD11CFEC619009B1D53 /* Assets.xcassets */ = {isa = PBXFileReference; lastKnownFileType = folder.assetcatalog; path = Assets.xcassets; sourceTree = "<group>"; };
		667A9FD41CFEC619009B1D53 /* Base */ = {isa = PBXFileReference; lastKnownFileType = file.storyboard; name = Base; path = Base.lproj/LaunchScreen.storyboard; sourceTree = "<group>"; };
		667A9FD61CFEC619009B1D53 /* Info.plist */ = {isa = PBXFileReference; lastKnownFileType = text.plist.xml; path = Info.plist; sourceTree = "<group>"; };
		667A9FDB1CFEC619009B1D53 /* FanKitTests.xctest */ = {isa = PBXFileReference; explicitFileType = wrapper.cfbundle; includeInIndex = 0; path = FanKitTests.xctest; sourceTree = BUILT_PRODUCTS_DIR; };
		667A9FDF1CFEC619009B1D53 /* FanKitTests.m */ = {isa = PBXFileReference; lastKnownFileType = sourcecode.c.objc; path = FanKitTests.m; sourceTree = "<group>"; };
		667A9FE11CFEC619009B1D53 /* Info.plist */ = {isa = PBXFileReference; lastKnownFileType = text.plist.xml; path = Info.plist; sourceTree = "<group>"; };
		667A9FE61CFEC619009B1D53 /* FanKitUITests.xctest */ = {isa = PBXFileReference; explicitFileType = wrapper.cfbundle; includeInIndex = 0; path = FanKitUITests.xctest; sourceTree = BUILT_PRODUCTS_DIR; };
		667A9FEA1CFEC619009B1D53 /* FanKitUITests.m */ = {isa = PBXFileReference; lastKnownFileType = sourcecode.c.objc; path = FanKitUITests.m; sourceTree = "<group>"; };
		667A9FEC1CFEC619009B1D53 /* Info.plist */ = {isa = PBXFileReference; lastKnownFileType = text.plist.xml; path = Info.plist; sourceTree = "<group>"; };
		6683108F22842F1500444009 /* FanColorView.h */ = {isa = PBXFileReference; fileEncoding = 4; lastKnownFileType = sourcecode.c.h; path = FanColorView.h; sourceTree = "<group>"; };
		6683109022842F1500444009 /* FanColorView.m */ = {isa = PBXFileReference; fileEncoding = 4; lastKnownFileType = sourcecode.c.objc; path = FanColorView.m; sourceTree = "<group>"; };
		66A507181D06E1AA00D5EC34 /* FanAnimationToll.h */ = {isa = PBXFileReference; fileEncoding = 4; lastKnownFileType = sourcecode.c.h; path = FanAnimationToll.h; sourceTree = "<group>"; };
		66A507191D06E1AA00D5EC34 /* FanAnimationToll.m */ = {isa = PBXFileReference; fileEncoding = 4; lastKnownFileType = sourcecode.c.objc; path = FanAnimationToll.m; sourceTree = "<group>"; };
		66A5071A1D06E1AA00D5EC34 /* FanKit.h */ = {isa = PBXFileReference; fileEncoding = 4; lastKnownFileType = sourcecode.c.h; path = FanKit.h; sourceTree = "<group>"; };
		66A5071C1D06E1AA00D5EC34 /* UIView+FanAutoLayout.h */ = {isa = PBXFileReference; fileEncoding = 4; lastKnownFileType = sourcecode.c.h; path = "UIView+FanAutoLayout.h"; sourceTree = "<group>"; };
		66A5071D1D06E1AA00D5EC34 /* UIView+FanAutoLayout.m */ = {isa = PBXFileReference; fileEncoding = 4; lastKnownFileType = sourcecode.c.objc; path = "UIView+FanAutoLayout.m"; sourceTree = "<group>"; };
		66B396531D2A144900A40A06 /* FanDataTool.h */ = {isa = PBXFileReference; fileEncoding = 4; lastKnownFileType = sourcecode.c.h; path = FanDataTool.h; sourceTree = "<group>"; };
		66B396541D2A144900A40A06 /* FanDataTool.m */ = {isa = PBXFileReference; fileEncoding = 4; lastKnownFileType = sourcecode.c.objc; path = FanDataTool.m; sourceTree = "<group>"; };
		66B396561D2A150200A40A06 /* FanUIKit.h */ = {isa = PBXFileReference; fileEncoding = 4; lastKnownFileType = sourcecode.c.h; path = FanUIKit.h; sourceTree = "<group>"; };
		66B396571D2A150200A40A06 /* FanUIKit.m */ = {isa = PBXFileReference; fileEncoding = 4; lastKnownFileType = sourcecode.c.objc; path = FanUIKit.m; sourceTree = "<group>"; };
		66B396591D2A1E7200A40A06 /* FanKitHead.h */ = {isa = PBXFileReference; fileEncoding = 4; lastKnownFileType = sourcecode.c.h; path = FanKitHead.h; sourceTree = "<group>"; };
		66B3965A1D2A1F9A00A40A06 /* UIViewController+FanRoot.h */ = {isa = PBXFileReference; fileEncoding = 4; lastKnownFileType = sourcecode.c.h; path = "UIViewController+FanRoot.h"; sourceTree = "<group>"; };
		66B3965B1D2A1F9A00A40A06 /* UIViewController+FanRoot.m */ = {isa = PBXFileReference; fileEncoding = 4; lastKnownFileType = sourcecode.c.objc; path = "UIViewController+FanRoot.m"; sourceTree = "<group>"; };
		66B3965F1D2A3F0C00A40A06 /* FanSideslipManager.h */ = {isa = PBXFileReference; fileEncoding = 4; lastKnownFileType = sourcecode.c.h; path = FanSideslipManager.h; sourceTree = "<group>"; };
		66B396601D2A3F0C00A40A06 /* FanSideslipManager.m */ = {isa = PBXFileReference; fileEncoding = 4; lastKnownFileType = sourcecode.c.objc; path = FanSideslipManager.m; sourceTree = "<group>"; };
		66B396631D2A3F2200A40A06 /* FanDragBubbleView.h */ = {isa = PBXFileReference; fileEncoding = 4; lastKnownFileType = sourcecode.c.h; path = FanDragBubbleView.h; sourceTree = "<group>"; };
		66B396641D2A3F2200A40A06 /* FanDragBubbleView.m */ = {isa = PBXFileReference; fileEncoding = 4; lastKnownFileType = sourcecode.c.objc; path = FanDragBubbleView.m; sourceTree = "<group>"; };
		66B396661D2A416600A40A06 /* NSNull+FanNull.h */ = {isa = PBXFileReference; fileEncoding = 4; lastKnownFileType = sourcecode.c.h; path = "NSNull+FanNull.h"; sourceTree = "<group>"; };
		66B396671D2A416600A40A06 /* NSNull+FanNull.m */ = {isa = PBXFileReference; fileEncoding = 4; lastKnownFileType = sourcecode.c.objc; path = "NSNull+FanNull.m"; sourceTree = "<group>"; };
		66B3966F1D2A480600A40A06 /* NSObject+FanDictionary.h */ = {isa = PBXFileReference; fileEncoding = 4; lastKnownFileType = sourcecode.c.h; path = "NSObject+FanDictionary.h"; sourceTree = "<group>"; };
		66B396701D2A480600A40A06 /* NSObject+FanDictionary.m */ = {isa = PBXFileReference; fileEncoding = 4; lastKnownFileType = sourcecode.c.objc; path = "NSObject+FanDictionary.m"; sourceTree = "<group>"; };
		66B396721D2A496300A40A06 /* NSString+FanTime.h */ = {isa = PBXFileReference; fileEncoding = 4; lastKnownFileType = sourcecode.c.h; path = "NSString+FanTime.h"; sourceTree = "<group>"; };
		66B396731D2A496300A40A06 /* NSString+FanTime.m */ = {isa = PBXFileReference; fileEncoding = 4; lastKnownFileType = sourcecode.c.objc; path = "NSString+FanTime.m"; sourceTree = "<group>"; };
		66B396761D2A52B400A40A06 /* FanActionSheetView.h */ = {isa = PBXFileReference; fileEncoding = 4; lastKnownFileType = sourcecode.c.h; path = FanActionSheetView.h; sourceTree = "<group>"; };
		66B396771D2A52B400A40A06 /* FanActionSheetView.m */ = {isa = PBXFileReference; fileEncoding = 4; lastKnownFileType = sourcecode.c.objc; path = FanActionSheetView.m; sourceTree = "<group>"; };
		66B396781D2A52B400A40A06 /* FanShareView.h */ = {isa = PBXFileReference; fileEncoding = 4; lastKnownFileType = sourcecode.c.h; path = FanShareView.h; sourceTree = "<group>"; };
		66B396791D2A52B400A40A06 /* FanShareView.m */ = {isa = PBXFileReference; fileEncoding = 4; lastKnownFileType = sourcecode.c.objc; path = FanShareView.m; sourceTree = "<group>"; };
		66B3967A1D2A52B400A40A06 /* FanShowAlertView.h */ = {isa = PBXFileReference; fileEncoding = 4; lastKnownFileType = sourcecode.c.h; path = FanShowAlertView.h; sourceTree = "<group>"; };
		66B3967B1D2A52B400A40A06 /* FanShowAlertView.m */ = {isa = PBXFileReference; fileEncoding = 4; lastKnownFileType = sourcecode.c.objc; path = FanShowAlertView.m; sourceTree = "<group>"; };
		66B3967C1D2A52B400A40A06 /* FanShowView.h */ = {isa = PBXFileReference; fileEncoding = 4; lastKnownFileType = sourcecode.c.h; path = FanShowView.h; sourceTree = "<group>"; };
		66B3967D1D2A52B400A40A06 /* FanShowView.m */ = {isa = PBXFileReference; fileEncoding = 4; lastKnownFileType = sourcecode.c.objc; path = FanShowView.m; sourceTree = "<group>"; };
		66B396831D2A532000A40A06 /* FanGesturePasswordView.h */ = {isa = PBXFileReference; fileEncoding = 4; lastKnownFileType = sourcecode.c.h; path = FanGesturePasswordView.h; sourceTree = "<group>"; };
		66B396841D2A532000A40A06 /* FanGesturePasswordView.m */ = {isa = PBXFileReference; fileEncoding = 4; lastKnownFileType = sourcecode.c.objc; path = FanGesturePasswordView.m; sourceTree = "<group>"; };
		66B396851D2A532000A40A06 /* FanLockNodeView.h */ = {isa = PBXFileReference; fileEncoding = 4; lastKnownFileType = sourcecode.c.h; path = FanLockNodeView.h; sourceTree = "<group>"; };
		66B396861D2A532000A40A06 /* FanLockNodeView.m */ = {isa = PBXFileReference; fileEncoding = 4; lastKnownFileType = sourcecode.c.objc; path = FanLockNodeView.m; sourceTree = "<group>"; };
		66B3968A1D2A536400A40A06 /* FanSwiperbleView.h */ = {isa = PBXFileReference; fileEncoding = 4; lastKnownFileType = sourcecode.c.h; path = FanSwiperbleView.h; sourceTree = "<group>"; };
		66B3968B1D2A536400A40A06 /* FanSwiperbleView.m */ = {isa = PBXFileReference; fileEncoding = 4; lastKnownFileType = sourcecode.c.objc; path = FanSwiperbleView.m; sourceTree = "<group>"; };
		66E81A531E7253B8008E887E /* FanTestViewController.h */ = {isa = PBXFileReference; fileEncoding = 4; lastKnownFileType = sourcecode.c.h; path = FanTestViewController.h; sourceTree = "<group>"; };
		66E81A541E7253B8008E887E /* FanTestViewController.m */ = {isa = PBXFileReference; fileEncoding = 4; lastKnownFileType = sourcecode.c.objc; path = FanTestViewController.m; sourceTree = "<group>"; };
		66E81A5D1E72A791008E887E /* FanCommonViewController.h */ = {isa = PBXFileReference; fileEncoding = 4; lastKnownFileType = sourcecode.c.h; path = FanCommonViewController.h; sourceTree = "<group>"; };
		66E81A5E1E72A791008E887E /* FanCommonViewController.m */ = {isa = PBXFileReference; fileEncoding = 4; lastKnownFileType = sourcecode.c.objc; path = FanCommonViewController.m; sourceTree = "<group>"; };
		66E81A601E72B782008E887E /* FanGesturePasswordViewController.h */ = {isa = PBXFileReference; fileEncoding = 4; lastKnownFileType = sourcecode.c.h; path = FanGesturePasswordViewController.h; sourceTree = "<group>"; };
		66E81A611E72B782008E887E /* FanGesturePasswordViewController.m */ = {isa = PBXFileReference; fileEncoding = 4; lastKnownFileType = sourcecode.c.objc; path = FanGesturePasswordViewController.m; sourceTree = "<group>"; };
		66E81A631E72C069008E887E /* FanSwiperbleViewController.h */ = {isa = PBXFileReference; fileEncoding = 4; lastKnownFileType = sourcecode.c.h; path = FanSwiperbleViewController.h; sourceTree = "<group>"; };
		66E81A641E72C069008E887E /* FanSwiperbleViewController.m */ = {isa = PBXFileReference; fileEncoding = 4; lastKnownFileType = sourcecode.c.objc; path = FanSwiperbleViewController.m; sourceTree = "<group>"; };
		66E81A661E72C319008E887E /* swip1.jpg */ = {isa = PBXFileReference; lastKnownFileType = image.jpeg; path = swip1.jpg; sourceTree = "<group>"; };
		66E81A671E72C319008E887E /* swip2.jpg */ = {isa = PBXFileReference; lastKnownFileType = image.jpeg; path = swip2.jpg; sourceTree = "<group>"; };
		66E81A6A1E72C326008E887E /* peerImage@2x.png */ = {isa = PBXFileReference; lastKnownFileType = image.png; path = "peerImage@2x.png"; sourceTree = "<group>"; };
/* End PBXFileReference section */

/* Begin PBXFrameworksBuildPhase section */
		667A9FBF1CFEC619009B1D53 /* Frameworks */ = {
			isa = PBXFrameworksBuildPhase;
			buildActionMask = 2147483647;
			files = (
			);
			runOnlyForDeploymentPostprocessing = 0;
		};
		667A9FD81CFEC619009B1D53 /* Frameworks */ = {
			isa = PBXFrameworksBuildPhase;
			buildActionMask = 2147483647;
			files = (
			);
			runOnlyForDeploymentPostprocessing = 0;
		};
		667A9FE31CFEC619009B1D53 /* Frameworks */ = {
			isa = PBXFrameworksBuildPhase;
			buildActionMask = 2147483647;
			files = (
			);
			runOnlyForDeploymentPostprocessing = 0;
		};
/* End PBXFrameworksBuildPhase section */

/* Begin PBXGroup section */
		661741091D2B6268005A5221 /* Viewcontrollers */ = {
			isa = PBXGroup;
			children = (
				66E81A5C1E72A775008E887E /* CommonViewController */,
				66E81A581E7261CC008E887E /* LibsViewController */,
				6617410A1D2B6315005A5221 /* RootViewcontroller */,
				661741111D2B66D5005A5221 /* FanKitTableViewController.h */,
				661741121D2B66D5005A5221 /* FanKitTableViewController.m */,
				66E81A531E7253B8008E887E /* FanTestViewController.h */,
				66E81A541E7253B8008E887E /* FanTestViewController.m */,
			);
			path = Viewcontrollers;
			sourceTree = "<group>";
		};
		6617410A1D2B6315005A5221 /* RootViewcontroller */ = {
			isa = PBXGroup;
			children = (
				6617410B1D2B637C005A5221 /* FanRootViewController.h */,
				6617410C1D2B637C005A5221 /* FanRootViewController.m */,
				6617410E1D2B63EE005A5221 /* FanNavigationController.h */,
				6617410F1D2B63EE005A5221 /* FanNavigationController.m */,
			);
			path = RootViewcontroller;
			sourceTree = "<group>";
		};
		6640957522C36D3A0097F4CB /* Common */ = {
			isa = PBXGroup;
			children = (
				6640957822C36D3A0097F4CB /* FanAnyObject.h */,
				6640957622C36D3A0097F4CB /* FanAnyObject.m */,
				6640957A22C36D3A0097F4CB /* FanKit.bundle */,
				6640957922C36D3A0097F4CB /* NSBundle+FanKit.h */,
				6640957722C36D3A0097F4CB /* NSBundle+FanKit.m */,
			);
			path = Common;
			sourceTree = "<group>";
		};
		667A9FB91CFEC619009B1D53 = {
			isa = PBXGroup;
			children = (
				667A9FF81CFED46A009B1D53 /* Classes */,
				667A9FC41CFEC619009B1D53 /* FanKit */,
				667A9FDE1CFEC619009B1D53 /* FanKitTests */,
				667A9FE91CFEC619009B1D53 /* FanKitUITests */,
				667A9FC31CFEC619009B1D53 /* Products */,
			);
			sourceTree = "<group>";
		};
		667A9FC31CFEC619009B1D53 /* Products */ = {
			isa = PBXGroup;
			children = (
				667A9FC21CFEC619009B1D53 /* FanKit.app */,
				667A9FDB1CFEC619009B1D53 /* FanKitTests.xctest */,
				667A9FE61CFEC619009B1D53 /* FanKitUITests.xctest */,
			);
			name = Products;
			sourceTree = "<group>";
		};
		667A9FC41CFEC619009B1D53 /* FanKit */ = {
			isa = PBXGroup;
			children = (
				66E81A591E727792008E887E /* images */,
				661741091D2B6268005A5221 /* Viewcontrollers */,
				667A9FC81CFEC619009B1D53 /* AppDelegate.h */,
				667A9FC91CFEC619009B1D53 /* AppDelegate.m */,
				667A9FCB1CFEC619009B1D53 /* ViewController.h */,
				667A9FCC1CFEC619009B1D53 /* ViewController.m */,
				667A9FCE1CFEC619009B1D53 /* Main.storyboard */,
				667A9FD11CFEC619009B1D53 /* Assets.xcassets */,
				667A9FD31CFEC619009B1D53 /* LaunchScreen.storyboard */,
				667A9FD61CFEC619009B1D53 /* Info.plist */,
				667A9FC51CFEC619009B1D53 /* Supporting Files */,
			);
			path = FanKit;
			sourceTree = "<group>";
		};
		667A9FC51CFEC619009B1D53 /* Supporting Files */ = {
			isa = PBXGroup;
			children = (
				667A9FC61CFEC619009B1D53 /* main.m */,
			);
			name = "Supporting Files";
			sourceTree = "<group>";
		};
		667A9FDE1CFEC619009B1D53 /* FanKitTests */ = {
			isa = PBXGroup;
			children = (
				667A9FDF1CFEC619009B1D53 /* FanKitTests.m */,
				667A9FE11CFEC619009B1D53 /* Info.plist */,
			);
			path = FanKitTests;
			sourceTree = "<group>";
		};
		667A9FE91CFEC619009B1D53 /* FanKitUITests */ = {
			isa = PBXGroup;
			children = (
				667A9FEA1CFEC619009B1D53 /* FanKitUITests.m */,
				667A9FEC1CFEC619009B1D53 /* Info.plist */,
			);
			path = FanKitUITests;
			sourceTree = "<group>";
		};
		667A9FF81CFED46A009B1D53 /* Classes */ = {
			isa = PBXGroup;
			children = (
				6640957522C36D3A0097F4CB /* Common */,
				66A507171D06E1AA00D5EC34 /* Core */,
				66A5071A1D06E1AA00D5EC34 /* FanKit.h */,
				66B396591D2A1E7200A40A06 /* FanKitHead.h */,
				66B3965D1D2A3ECE00A40A06 /* Libs */,
				66A5071B1D06E1AA00D5EC34 /* UIKit */,
			);
			path = Classes;
			sourceTree = "<group>";
		};
		66A507171D06E1AA00D5EC34 /* Core */ = {
			isa = PBXGroup;
			children = (
				6639A19E2171B4EE00231B42 /* FanDrawLayer.h */,
				6639A19D2171B4EE00231B42 /* FanDrawLayer.m */,
				66A507181D06E1AA00D5EC34 /* FanAnimationToll.h */,
				66A507191D06E1AA00D5EC34 /* FanAnimationToll.m */,
				66B396531D2A144900A40A06 /* FanDataTool.h */,
				66B396541D2A144900A40A06 /* FanDataTool.m */,
				6639A19A2171B35400231B42 /* FanToolBox.h */,
				6639A19B2171B35400231B42 /* FanToolBox.m */,
				666C8D1C1D4B2B7E0071E6CD /* NSDictionary+FanNull.h */,
				666C8D1D1D4B2B7E0071E6CD /* NSDictionary+FanNull.m */,
				66B396661D2A416600A40A06 /* NSNull+FanNull.h */,
				66B396671D2A416600A40A06 /* NSNull+FanNull.m */,
				66B3966F1D2A480600A40A06 /* NSObject+FanDictionary.h */,
				66B396701D2A480600A40A06 /* NSObject+FanDictionary.m */,
				66B396721D2A496300A40A06 /* NSString+FanTime.h */,
				66B396731D2A496300A40A06 /* NSString+FanTime.m */,
			);
			path = Core;
			sourceTree = "<group>";
		};
		66A5071B1D06E1AA00D5EC34 /* UIKit */ = {
			isa = PBXGroup;
			children = (
				662D05E022A79DE80016723A /* FanCopyLabel.h */,
				662D05DF22A79DE80016723A /* FanCopyLabel.m */,
				6683108F22842F1500444009 /* FanColorView.h */,
				6683109022842F1500444009 /* FanColorView.m */,
				6639A1A02171B6CA00231B42 /* FanAlertController.h */,
				6639A1A22171B6CA00231B42 /* FanAlertController.m */,
				6639A1A12171B6CA00231B42 /* FanProgressHUD.h */,
				6639A1A32171B6CA00231B42 /* FanProgressHUD.m */,
				66B396561D2A150200A40A06 /* FanUIKit.h */,
				66B396571D2A150200A40A06 /* FanUIKit.m */,
				66A5071C1D06E1AA00D5EC34 /* UIView+FanAutoLayout.h */,
				66A5071D1D06E1AA00D5EC34 /* UIView+FanAutoLayout.m */,
				66B3965A1D2A1F9A00A40A06 /* UIViewController+FanRoot.h */,
				66B3965B1D2A1F9A00A40A06 /* UIViewController+FanRoot.m */,
			);
			path = UIKit;
			sourceTree = "<group>";
		};
		66B3965D1D2A3ECE00A40A06 /* Libs */ = {
			isa = PBXGroup;
			children = (
				66B396891D2A536400A40A06 /* FanSwiperble */,
				66B396821D2A532000A40A06 /* FanGesturePassword */,
				66B396751D2A52B400A40A06 /* FanShowView */,
				66B396621D2A3F2200A40A06 /* FanDragBubbleView */,
				66B3965E1D2A3F0C00A40A06 /* FanSideslipManager */,
			);
			path = Libs;
			sourceTree = "<group>";
		};
		66B3965E1D2A3F0C00A40A06 /* FanSideslipManager */ = {
			isa = PBXGroup;
			children = (
				66B3965F1D2A3F0C00A40A06 /* FanSideslipManager.h */,
				66B396601D2A3F0C00A40A06 /* FanSideslipManager.m */,
			);
			path = FanSideslipManager;
			sourceTree = "<group>";
		};
		66B396621D2A3F2200A40A06 /* FanDragBubbleView */ = {
			isa = PBXGroup;
			children = (
				66B396631D2A3F2200A40A06 /* FanDragBubbleView.h */,
				66B396641D2A3F2200A40A06 /* FanDragBubbleView.m */,
			);
			path = FanDragBubbleView;
			sourceTree = "<group>";
		};
		66B396751D2A52B400A40A06 /* FanShowView */ = {
			isa = PBXGroup;
			children = (
				66B396761D2A52B400A40A06 /* FanActionSheetView.h */,
				66B396771D2A52B400A40A06 /* FanActionSheetView.m */,
				66B396781D2A52B400A40A06 /* FanShareView.h */,
				66B396791D2A52B400A40A06 /* FanShareView.m */,
				66B3967A1D2A52B400A40A06 /* FanShowAlertView.h */,
				66B3967B1D2A52B400A40A06 /* FanShowAlertView.m */,
				66B3967C1D2A52B400A40A06 /* FanShowView.h */,
				66B3967D1D2A52B400A40A06 /* FanShowView.m */,
			);
			path = FanShowView;
			sourceTree = "<group>";
		};
		66B396821D2A532000A40A06 /* FanGesturePassword */ = {
			isa = PBXGroup;
			children = (
				66B396831D2A532000A40A06 /* FanGesturePasswordView.h */,
				66B396841D2A532000A40A06 /* FanGesturePasswordView.m */,
				66B396851D2A532000A40A06 /* FanLockNodeView.h */,
				66B396861D2A532000A40A06 /* FanLockNodeView.m */,
			);
			path = FanGesturePassword;
			sourceTree = "<group>";
		};
		66B396891D2A536400A40A06 /* FanSwiperble */ = {
			isa = PBXGroup;
			children = (
				66B3968A1D2A536400A40A06 /* FanSwiperbleView.h */,
				66B3968B1D2A536400A40A06 /* FanSwiperbleView.m */,
			);
			path = FanSwiperble;
			sourceTree = "<group>";
		};
		66E81A581E7261CC008E887E /* LibsViewController */ = {
			isa = PBXGroup;
			children = (
				66E81A601E72B782008E887E /* FanGesturePasswordViewController.h */,
				66E81A611E72B782008E887E /* FanGesturePasswordViewController.m */,
				66E81A631E72C069008E887E /* FanSwiperbleViewController.h */,
				66E81A641E72C069008E887E /* FanSwiperbleViewController.m */,
			);
			path = LibsViewController;
			sourceTree = "<group>";
		};
		66E81A591E727792008E887E /* images */ = {
			isa = PBXGroup;
			children = (
				66E81A6A1E72C326008E887E /* peerImage@2x.png */,
				66E81A661E72C319008E887E /* swip1.jpg */,
				66E81A671E72C319008E887E /* swip2.jpg */,
			);
			path = images;
			sourceTree = "<group>";
		};
		66E81A5C1E72A775008E887E /* CommonViewController */ = {
			isa = PBXGroup;
			children = (
				66E81A5D1E72A791008E887E /* FanCommonViewController.h */,
				66E81A5E1E72A791008E887E /* FanCommonViewController.m */,
			);
			path = CommonViewController;
			sourceTree = "<group>";
		};
/* End PBXGroup section */

/* Begin PBXNativeTarget section */
		667A9FC11CFEC619009B1D53 /* FanKit */ = {
			isa = PBXNativeTarget;
			buildConfigurationList = 667A9FEF1CFEC619009B1D53 /* Build configuration list for PBXNativeTarget "FanKit" */;
			buildPhases = (
				667A9FBE1CFEC619009B1D53 /* Sources */,
				667A9FBF1CFEC619009B1D53 /* Frameworks */,
				667A9FC01CFEC619009B1D53 /* Resources */,
			);
			buildRules = (
			);
			dependencies = (
			);
			name = FanKit;
			productName = FanKit;
			productReference = 667A9FC21CFEC619009B1D53 /* FanKit.app */;
			productType = "com.apple.product-type.application";
		};
		667A9FDA1CFEC619009B1D53 /* FanKitTests */ = {
			isa = PBXNativeTarget;
			buildConfigurationList = 667A9FF21CFEC619009B1D53 /* Build configuration list for PBXNativeTarget "FanKitTests" */;
			buildPhases = (
				667A9FD71CFEC619009B1D53 /* Sources */,
				667A9FD81CFEC619009B1D53 /* Frameworks */,
				667A9FD91CFEC619009B1D53 /* Resources */,
			);
			buildRules = (
			);
			dependencies = (
				667A9FDD1CFEC619009B1D53 /* PBXTargetDependency */,
			);
			name = FanKitTests;
			productName = FanKitTests;
			productReference = 667A9FDB1CFEC619009B1D53 /* FanKitTests.xctest */;
			productType = "com.apple.product-type.bundle.unit-test";
		};
		667A9FE51CFEC619009B1D53 /* FanKitUITests */ = {
			isa = PBXNativeTarget;
			buildConfigurationList = 667A9FF51CFEC619009B1D53 /* Build configuration list for PBXNativeTarget "FanKitUITests" */;
			buildPhases = (
				667A9FE21CFEC619009B1D53 /* Sources */,
				667A9FE31CFEC619009B1D53 /* Frameworks */,
				667A9FE41CFEC619009B1D53 /* Resources */,
			);
			buildRules = (
			);
			dependencies = (
				667A9FE81CFEC619009B1D53 /* PBXTargetDependency */,
			);
			name = FanKitUITests;
			productName = FanKitUITests;
			productReference = 667A9FE61CFEC619009B1D53 /* FanKitUITests.xctest */;
			productType = "com.apple.product-type.bundle.ui-testing";
		};
/* End PBXNativeTarget section */

/* Begin PBXProject section */
		667A9FBA1CFEC619009B1D53 /* Project object */ = {
			isa = PBXProject;
			attributes = {
				LastUpgradeCheck = 1020;
				ORGANIZATIONNAME = "凡向阳";
				TargetAttributes = {
					667A9FC11CFEC619009B1D53 = {
						CreatedOnToolsVersion = 7.3;
						DevelopmentTeam = NW3X9NZ9UP;
					};
					667A9FDA1CFEC619009B1D53 = {
						CreatedOnToolsVersion = 7.3;
						TestTargetID = 667A9FC11CFEC619009B1D53;
					};
					667A9FE51CFEC619009B1D53 = {
						CreatedOnToolsVersion = 7.3;
						TestTargetID = 667A9FC11CFEC619009B1D53;
					};
				};
			};
			buildConfigurationList = 667A9FBD1CFEC619009B1D53 /* Build configuration list for PBXProject "FanKit" */;
			compatibilityVersion = "Xcode 3.2";
			developmentRegion = en;
			hasScannedForEncodings = 0;
			knownRegions = (
				en,
				Base,
			);
			mainGroup = 667A9FB91CFEC619009B1D53;
			productRefGroup = 667A9FC31CFEC619009B1D53 /* Products */;
			projectDirPath = "";
			projectRoot = "";
			targets = (
				667A9FC11CFEC619009B1D53 /* FanKit */,
				667A9FDA1CFEC619009B1D53 /* FanKitTests */,
				667A9FE51CFEC619009B1D53 /* FanKitUITests */,
			);
		};
/* End PBXProject section */

/* Begin PBXResourcesBuildPhase section */
		667A9FC01CFEC619009B1D53 /* Resources */ = {
			isa = PBXResourcesBuildPhase;
			buildActionMask = 2147483647;
			files = (
				66E81A6B1E72C326008E887E /* peerImage@2x.png in Resources */,
				66E81A681E72C319008E887E /* swip1.jpg in Resources */,
				667A9FD51CFEC619009B1D53 /* LaunchScreen.storyboard in Resources */,
				667A9FD21CFEC619009B1D53 /* Assets.xcassets in Resources */,
				667A9FD01CFEC619009B1D53 /* Main.storyboard in Resources */,
				66E81A691E72C319008E887E /* swip2.jpg in Resources */,
				6640957D22C36D3A0097F4CB /* FanKit.bundle in Resources */,
			);
			runOnlyForDeploymentPostprocessing = 0;
		};
		667A9FD91CFEC619009B1D53 /* Resources */ = {
			isa = PBXResourcesBuildPhase;
			buildActionMask = 2147483647;
			files = (
			);
			runOnlyForDeploymentPostprocessing = 0;
		};
		667A9FE41CFEC619009B1D53 /* Resources */ = {
			isa = PBXResourcesBuildPhase;
			buildActionMask = 2147483647;
			files = (
			);
			runOnlyForDeploymentPostprocessing = 0;
		};
/* End PBXResourcesBuildPhase section */

/* Begin PBXSourcesBuildPhase section */
		667A9FBE1CFEC619009B1D53 /* Sources */ = {
			isa = PBXSourcesBuildPhase;
			buildActionMask = 2147483647;
			files = (
				6639A1A42171B6CA00231B42 /* FanAlertController.m in Sources */,
				6617410D1D2B637C005A5221 /* FanRootViewController.m in Sources */,
				66B396651D2A3F2200A40A06 /* FanDragBubbleView.m in Sources */,
				6640957C22C36D3A0097F4CB /* NSBundle+FanKit.m in Sources */,
				66B396801D2A52B400A40A06 /* FanShowAlertView.m in Sources */,
				66B396711D2A480600A40A06 /* NSObject+FanDictionary.m in Sources */,
				66B396811D2A52B400A40A06 /* FanShowView.m in Sources */,
				667A9FCD1CFEC619009B1D53 /* ViewController.m in Sources */,
				6639A1A52171B6CA00231B42 /* FanProgressHUD.m in Sources */,
				66A5071E1D06E1AA00D5EC34 /* FanAnimationToll.m in Sources */,
				66B396881D2A532000A40A06 /* FanLockNodeView.m in Sources */,
				66B396581D2A150200A40A06 /* FanUIKit.m in Sources */,
				661741131D2B66D5005A5221 /* FanKitTableViewController.m in Sources */,
				66E81A621E72B782008E887E /* FanGesturePasswordViewController.m in Sources */,
				661741101D2B63EE005A5221 /* FanNavigationController.m in Sources */,
				66B396741D2A496300A40A06 /* NSString+FanTime.m in Sources */,
				666C8D1E1D4B2B7E0071E6CD /* NSDictionary+FanNull.m in Sources */,
				66B396871D2A532000A40A06 /* FanGesturePasswordView.m in Sources */,
				66E81A5F1E72A791008E887E /* FanCommonViewController.m in Sources */,
				662D05E122A79DE80016723A /* FanCopyLabel.m in Sources */,
				6639A19F2171B4EE00231B42 /* FanDrawLayer.m in Sources */,
				6640957B22C36D3A0097F4CB /* FanAnyObject.m in Sources */,
				667A9FCA1CFEC619009B1D53 /* AppDelegate.m in Sources */,
				66E81A551E7253B8008E887E /* FanTestViewController.m in Sources */,
				66B396611D2A3F0C00A40A06 /* FanSideslipManager.m in Sources */,
				66B396551D2A144900A40A06 /* FanDataTool.m in Sources */,
				667A9FC71CFEC619009B1D53 /* main.m in Sources */,
				66B3968C1D2A536400A40A06 /* FanSwiperbleView.m in Sources */,
				66B3967E1D2A52B400A40A06 /* FanActionSheetView.m in Sources */,
				66B3967F1D2A52B400A40A06 /* FanShareView.m in Sources */,
				66E81A651E72C069008E887E /* FanSwiperbleViewController.m in Sources */,
				6683109122842F1500444009 /* FanColorView.m in Sources */,
				66B3965C1D2A1F9A00A40A06 /* UIViewController+FanRoot.m in Sources */,
				66A5071F1D06E1AA00D5EC34 /* UIView+FanAutoLayout.m in Sources */,
				66B396681D2A416600A40A06 /* NSNull+FanNull.m in Sources */,
				6639A19C2171B35400231B42 /* FanToolBox.m in Sources */,
			);
			runOnlyForDeploymentPostprocessing = 0;
		};
		667A9FD71CFEC619009B1D53 /* Sources */ = {
			isa = PBXSourcesBuildPhase;
			buildActionMask = 2147483647;
			files = (
				667A9FE01CFEC619009B1D53 /* FanKitTests.m in Sources */,
			);
			runOnlyForDeploymentPostprocessing = 0;
		};
		667A9FE21CFEC619009B1D53 /* Sources */ = {
			isa = PBXSourcesBuildPhase;
			buildActionMask = 2147483647;
			files = (
				667A9FEB1CFEC619009B1D53 /* FanKitUITests.m in Sources */,
			);
			runOnlyForDeploymentPostprocessing = 0;
		};
/* End PBXSourcesBuildPhase section */

/* Begin PBXTargetDependency section */
		667A9FDD1CFEC619009B1D53 /* PBXTargetDependency */ = {
			isa = PBXTargetDependency;
			target = 667A9FC11CFEC619009B1D53 /* FanKit */;
			targetProxy = 667A9FDC1CFEC619009B1D53 /* PBXContainerItemProxy */;
		};
		667A9FE81CFEC619009B1D53 /* PBXTargetDependency */ = {
			isa = PBXTargetDependency;
			target = 667A9FC11CFEC619009B1D53 /* FanKit */;
			targetProxy = 667A9FE71CFEC619009B1D53 /* PBXContainerItemProxy */;
		};
/* End PBXTargetDependency section */

/* Begin PBXVariantGroup section */
		667A9FCE1CFEC619009B1D53 /* Main.storyboard */ = {
			isa = PBXVariantGroup;
			children = (
				667A9FCF1CFEC619009B1D53 /* Base */,
			);
			name = Main.storyboard;
			sourceTree = "<group>";
		};
		667A9FD31CFEC619009B1D53 /* LaunchScreen.storyboard */ = {
			isa = PBXVariantGroup;
			children = (
				667A9FD41CFEC619009B1D53 /* Base */,
			);
			name = LaunchScreen.storyboard;
			sourceTree = "<group>";
		};
/* End PBXVariantGroup section */

/* Begin XCBuildConfiguration section */
		667A9FED1CFEC619009B1D53 /* Debug */ = {
			isa = XCBuildConfiguration;
			buildSettings = {
				ALWAYS_SEARCH_USER_PATHS = NO;
				CLANG_ANALYZER_LOCALIZABILITY_NONLOCALIZED = YES;
				CLANG_ANALYZER_NONNULL = YES;
				CLANG_CXX_LANGUAGE_STANDARD = "gnu++0x";
				CLANG_CXX_LIBRARY = "libc++";
				CLANG_ENABLE_MODULES = YES;
				CLANG_ENABLE_OBJC_ARC = YES;
				CLANG_WARN_BLOCK_CAPTURE_AUTORELEASING = YES;
				CLANG_WARN_BOOL_CONVERSION = YES;
				CLANG_WARN_COMMA = YES;
				CLANG_WARN_CONSTANT_CONVERSION = YES;
				CLANG_WARN_DEPRECATED_OBJC_IMPLEMENTATIONS = YES;
				CLANG_WARN_DIRECT_OBJC_ISA_USAGE = YES_ERROR;
				CLANG_WARN_EMPTY_BODY = YES;
				CLANG_WARN_ENUM_CONVERSION = YES;
				CLANG_WARN_INFINITE_RECURSION = YES;
				CLANG_WARN_INT_CONVERSION = YES;
				CLANG_WARN_NON_LITERAL_NULL_CONVERSION = YES;
				CLANG_WARN_OBJC_IMPLICIT_RETAIN_SELF = YES;
				CLANG_WARN_OBJC_LITERAL_CONVERSION = YES;
				CLANG_WARN_OBJC_ROOT_CLASS = YES_ERROR;
				CLANG_WARN_RANGE_LOOP_ANALYSIS = YES;
				CLANG_WARN_STRICT_PROTOTYPES = YES;
				CLANG_WARN_SUSPICIOUS_MOVE = YES;
				CLANG_WARN_UNREACHABLE_CODE = YES;
				CLANG_WARN__DUPLICATE_METHOD_MATCH = YES;
				"CODE_SIGN_IDENTITY[sdk=iphoneos*]" = "iPhone Developer";
				COPY_PHASE_STRIP = NO;
				DEBUG_INFORMATION_FORMAT = dwarf;
				ENABLE_STRICT_OBJC_MSGSEND = YES;
				ENABLE_TESTABILITY = YES;
				GCC_C_LANGUAGE_STANDARD = gnu99;
				GCC_DYNAMIC_NO_PIC = NO;
				GCC_NO_COMMON_BLOCKS = YES;
				GCC_OPTIMIZATION_LEVEL = 0;
				GCC_PREPROCESSOR_DEFINITIONS = (
					"DEBUG=1",
					"$(inherited)",
				);
				GCC_WARN_64_TO_32_BIT_CONVERSION = YES;
				GCC_WARN_ABOUT_RETURN_TYPE = YES_ERROR;
				GCC_WARN_UNDECLARED_SELECTOR = YES;
				GCC_WARN_UNINITIALIZED_AUTOS = YES_AGGRESSIVE;
				GCC_WARN_UNUSED_FUNCTION = YES;
				GCC_WARN_UNUSED_VARIABLE = YES;
				IPHONEOS_DEPLOYMENT_TARGET = 9.3;
				MTL_ENABLE_DEBUG_INFO = YES;
				ONLY_ACTIVE_ARCH = YES;
				SDKROOT = iphoneos;
				TARGETED_DEVICE_FAMILY = "1,2";
			};
			name = Debug;
		};
		667A9FEE1CFEC619009B1D53 /* Release */ = {
			isa = XCBuildConfiguration;
			buildSettings = {
				ALWAYS_SEARCH_USER_PATHS = NO;
				CLANG_ANALYZER_LOCALIZABILITY_NONLOCALIZED = YES;
				CLANG_ANALYZER_NONNULL = YES;
				CLANG_CXX_LANGUAGE_STANDARD = "gnu++0x";
				CLANG_CXX_LIBRARY = "libc++";
				CLANG_ENABLE_MODULES = YES;
				CLANG_ENABLE_OBJC_ARC = YES;
				CLANG_WARN_BLOCK_CAPTURE_AUTORELEASING = YES;
				CLANG_WARN_BOOL_CONVERSION = YES;
				CLANG_WARN_COMMA = YES;
				CLANG_WARN_CONSTANT_CONVERSION = YES;
				CLANG_WARN_DEPRECATED_OBJC_IMPLEMENTATIONS = YES;
				CLANG_WARN_DIRECT_OBJC_ISA_USAGE = YES_ERROR;
				CLANG_WARN_EMPTY_BODY = YES;
				CLANG_WARN_ENUM_CONVERSION = YES;
				CLANG_WARN_INFINITE_RECURSION = YES;
				CLANG_WARN_INT_CONVERSION = YES;
				CLANG_WARN_NON_LITERAL_NULL_CONVERSION = YES;
				CLANG_WARN_OBJC_IMPLICIT_RETAIN_SELF = YES;
				CLANG_WARN_OBJC_LITERAL_CONVERSION = YES;
				CLANG_WARN_OBJC_ROOT_CLASS = YES_ERROR;
				CLANG_WARN_RANGE_LOOP_ANALYSIS = YES;
				CLANG_WARN_STRICT_PROTOTYPES = YES;
				CLANG_WARN_SUSPICIOUS_MOVE = YES;
				CLANG_WARN_UNREACHABLE_CODE = YES;
				CLANG_WARN__DUPLICATE_METHOD_MATCH = YES;
				"CODE_SIGN_IDENTITY[sdk=iphoneos*]" = "iPhone Developer";
				COPY_PHASE_STRIP = NO;
				DEBUG_INFORMATION_FORMAT = "dwarf-with-dsym";
				ENABLE_NS_ASSERTIONS = NO;
				ENABLE_STRICT_OBJC_MSGSEND = YES;
				GCC_C_LANGUAGE_STANDARD = gnu99;
				GCC_NO_COMMON_BLOCKS = YES;
				GCC_WARN_64_TO_32_BIT_CONVERSION = YES;
				GCC_WARN_ABOUT_RETURN_TYPE = YES_ERROR;
				GCC_WARN_UNDECLARED_SELECTOR = YES;
				GCC_WARN_UNINITIALIZED_AUTOS = YES_AGGRESSIVE;
				GCC_WARN_UNUSED_FUNCTION = YES;
				GCC_WARN_UNUSED_VARIABLE = YES;
				IPHONEOS_DEPLOYMENT_TARGET = 9.3;
				MTL_ENABLE_DEBUG_INFO = NO;
				SDKROOT = iphoneos;
				TARGETED_DEVICE_FAMILY = "1,2";
				VALIDATE_PRODUCT = YES;
			};
			name = Release;
		};
		667A9FF01CFEC619009B1D53 /* Debug */ = {
			isa = XCBuildConfiguration;
			buildSettings = {
				ASSETCATALOG_COMPILER_APPICON_NAME = AppIcon;
				DEVELOPMENT_TEAM = NW3X9NZ9UP;
				INFOPLIST_FILE = FanKit/Info.plist;
				LD_RUNPATH_SEARCH_PATHS = "$(inherited) @executable_path/Frameworks";
				PRODUCT_BUNDLE_IDENTIFIER = com.fan.FanKit;
				PRODUCT_NAME = "$(TARGET_NAME)";
			};
			name = Debug;
		};
		667A9FF11CFEC619009B1D53 /* Release */ = {
			isa = XCBuildConfiguration;
			buildSettings = {
				ASSETCATALOG_COMPILER_APPICON_NAME = AppIcon;
				DEVELOPMENT_TEAM = NW3X9NZ9UP;
				INFOPLIST_FILE = FanKit/Info.plist;
				LD_RUNPATH_SEARCH_PATHS = "$(inherited) @executable_path/Frameworks";
				PRODUCT_BUNDLE_IDENTIFIER = com.fan.FanKit;
				PRODUCT_NAME = "$(TARGET_NAME)";
			};
			name = Release;
		};
		667A9FF31CFEC619009B1D53 /* Debug */ = {
			isa = XCBuildConfiguration;
			buildSettings = {
				BUNDLE_LOADER = "$(TEST_HOST)";
				INFOPLIST_FILE = FanKitTests/Info.plist;
				LD_RUNPATH_SEARCH_PATHS = "$(inherited) @executable_path/Frameworks @loader_path/Frameworks";
				PRODUCT_BUNDLE_IDENTIFIER = com.fan.FanKitTests;
				PRODUCT_NAME = "$(TARGET_NAME)";
				TEST_HOST = "$(BUILT_PRODUCTS_DIR)/FanKit.app/FanKit";
			};
			name = Debug;
		};
		667A9FF41CFEC619009B1D53 /* Release */ = {
			isa = XCBuildConfiguration;
			buildSettings = {
				BUNDLE_LOADER = "$(TEST_HOST)";
				INFOPLIST_FILE = FanKitTests/Info.plist;
				LD_RUNPATH_SEARCH_PATHS = "$(inherited) @executable_path/Frameworks @loader_path/Frameworks";
				PRODUCT_BUNDLE_IDENTIFIER = com.fan.FanKitTests;
				PRODUCT_NAME = "$(TARGET_NAME)";
				TEST_HOST = "$(BUILT_PRODUCTS_DIR)/FanKit.app/FanKit";
			};
			name = Release;
		};
		667A9FF61CFEC619009B1D53 /* Debug */ = {
			isa = XCBuildConfiguration;
			buildSettings = {
				INFOPLIST_FILE = FanKitUITests/Info.plist;
				LD_RUNPATH_SEARCH_PATHS = "$(inherited) @executable_path/Frameworks @loader_path/Frameworks";
				PRODUCT_BUNDLE_IDENTIFIER = com.fan.FanKitUITests;
				PRODUCT_NAME = "$(TARGET_NAME)";
				TEST_TARGET_NAME = FanKit;
			};
			name = Debug;
		};
		667A9FF71CFEC619009B1D53 /* Release */ = {
			isa = XCBuildConfiguration;
			buildSettings = {
				INFOPLIST_FILE = FanKitUITests/Info.plist;
				LD_RUNPATH_SEARCH_PATHS = "$(inherited) @executable_path/Frameworks @loader_path/Frameworks";
				PRODUCT_BUNDLE_IDENTIFIER = com.fan.FanKitUITests;
				PRODUCT_NAME = "$(TARGET_NAME)";
				TEST_TARGET_NAME = FanKit;
			};
			name = Release;
		};
/* End XCBuildConfiguration section */

/* Begin XCConfigurationList section */
		667A9FBD1CFEC619009B1D53 /* Build configuration list for PBXProject "FanKit" */ = {
			isa = XCConfigurationList;
			buildConfigurations = (
				667A9FED1CFEC619009B1D53 /* Debug */,
				667A9FEE1CFEC619009B1D53 /* Release */,
			);
			defaultConfigurationIsVisible = 0;
			defaultConfigurationName = Release;
		};
		667A9FEF1CFEC619009B1D53 /* Build configuration list for PBXNativeTarget "FanKit" */ = {
			isa = XCConfigurationList;
			buildConfigurations = (
				667A9FF01CFEC619009B1D53 /* Debug */,
				667A9FF11CFEC619009B1D53 /* Release */,
			);
			defaultConfigurationIsVisible = 0;
			defaultConfigurationName = Release;
		};
		667A9FF21CFEC619009B1D53 /* Build configuration list for PBXNativeTarget "FanKitTests" */ = {
			isa = XCConfigurationList;
			buildConfigurations = (
				667A9FF31CFEC619009B1D53 /* Debug */,
				667A9FF41CFEC619009B1D53 /* Release */,
			);
			defaultConfigurationIsVisible = 0;
			defaultConfigurationName = Release;
		};
		667A9FF51CFEC619009B1D53 /* Build configuration list for PBXNativeTarget "FanKitUITests" */ = {
			isa = XCConfigurationList;
			buildConfigurations = (
				667A9FF61CFEC619009B1D53 /* Debug */,
				667A9FF71CFEC619009B1D53 /* Release */,
			);
			defaultConfigurationIsVisible = 0;
			defaultConfigurationName = Release;
		};
/* End XCConfigurationList section */
	};
	rootObject = 667A9FBA1CFEC619009B1D53 /* Project object */;
}
