// !$*UTF8*$!
{
	archiveVersion = 1;
	classes = {
	};
	objectVersion = 46;
	objects = {

/* Begin PBXBuildFile section */
		6617410D1D2B637C005A5221 /* FanRootViewController.m in Sources */ = {isa = PBXBuildFile; fileRef = 6617410C1D2B637C005A5221 /* FanRootViewController.m */; };
		661741101D2B63EE005A5221 /* FanNavigationController.m in Sources */ = {isa = PBXBuildFile; fileRef = 6617410F1D2B63EE005A5221 /* FanNavigationController.m */; };
		661741131D2B66D5005A5221 /* FanKitTableViewController.m in Sources */ = {isa = PBXBuildFile; fileRef = 661741121D2B66D5005A5221 /* FanKitTableViewController.m */; };
		664AA55F253A8DBA003845D9 /* FanRgbViewController.m in Sources */ = {isa = PBXBuildFile; fileRef = 664AA55E253A8DBA003845D9 /* FanRgbViewController.m */; };
		667A9FC71CFEC619009B1D53 /* main.m in Sources */ = {isa = PBXBuildFile; fileRef = 667A9FC61CFEC619009B1D53 /* main.m */; };
		667A9FCA1CFEC619009B1D53 /* AppDelegate.m in Sources */ = {isa = PBXBuildFile; fileRef = 667A9FC91CFEC619009B1D53 /* AppDelegate.m */; };
		667A9FCD1CFEC619009B1D53 /* ViewController.m in Sources */ = {isa = PBXBuildFile; fileRef = 667A9FCC1CFEC619009B1D53 /* ViewController.m */; };
		667A9FD01CFEC619009B1D53 /* Main.storyboard in Resources */ = {isa = PBXBuildFile; fileRef = 667A9FCE1CFEC619009B1D53 /* Main.storyboard */; };
		667A9FD21CFEC619009B1D53 /* Assets.xcassets in Resources */ = {isa = PBXBuildFile; fileRef = 667A9FD11CFEC619009B1D53 /* Assets.xcassets */; };
		667A9FD51CFEC619009B1D53 /* LaunchScreen.storyboard in Resources */ = {isa = PBXBuildFile; fileRef = 667A9FD31CFEC619009B1D53 /* LaunchScreen.storyboard */; };
		667A9FE01CFEC619009B1D53 /* FanKitTests.m in Sources */ = {isa = PBXBuildFile; fileRef = 667A9FDF1CFEC619009B1D53 /* FanKitTests.m */; };
		667A9FEB1CFEC619009B1D53 /* FanKitUITests.m in Sources */ = {isa = PBXBuildFile; fileRef = 667A9FEA1CFEC619009B1D53 /* FanKitUITests.m */; };
		6683109122842F1500444009 /* FanColorView.m in Sources */ = {isa = PBXBuildFile; fileRef = 6683109022842F1500444009 /* FanColorView.m */; };
		669A28062886BC86001EBFCB /* NSObject+FanDictionary.m in Sources */ = {isa = PBXBuildFile; fileRef = 669A27D32886BC86001EBFCB /* NSObject+FanDictionary.m */; };
		669A28072886BC86001EBFCB /* FanUIKit.m in Sources */ = {isa = PBXBuildFile; fileRef = 669A27D62886BC86001EBFCB /* FanUIKit.m */; };
		669A28082886BC86001EBFCB /* FanAnyObject.m in Sources */ = {isa = PBXBuildFile; fileRef = 669A27D82886BC86001EBFCB /* FanAnyObject.m */; };
		669A28092886BC86001EBFCB /* FanDeviceOrientation.m in Sources */ = {isa = PBXBuildFile; fileRef = 669A27D92886BC86001EBFCB /* FanDeviceOrientation.m */; };
		669A280A2886BC86001EBFCB /* FanDialogboxController.m in Sources */ = {isa = PBXBuildFile; fileRef = 669A27DA2886BC86001EBFCB /* FanDialogboxController.m */; };
		669A280B2886BC86001EBFCB /* FanAuthManager.m in Sources */ = {isa = PBXBuildFile; fileRef = 669A27DC2886BC86001EBFCB /* FanAuthManager.m */; };
		669A280C2886BC86001EBFCB /* FanVideoRecord.m in Sources */ = {isa = PBXBuildFile; fileRef = 669A27DE2886BC86001EBFCB /* FanVideoRecord.m */; };
		669A280D2886BC86001EBFCB /* NSBundle+FanKit.m in Sources */ = {isa = PBXBuildFile; fileRef = 669A27E22886BC86001EBFCB /* NSBundle+FanKit.m */; };
		669A280E2886BC86001EBFCB /* UIViewController+FanRoot.m in Sources */ = {isa = PBXBuildFile; fileRef = 669A27E32886BC86001EBFCB /* UIViewController+FanRoot.m */; };
		669A280F2886BC86001EBFCB /* NSString+FanTime.m in Sources */ = {isa = PBXBuildFile; fileRef = 669A27E42886BC86001EBFCB /* NSString+FanTime.m */; };
		669A28102886BC86001EBFCB /* FanRgbView.m in Sources */ = {isa = PBXBuildFile; fileRef = 669A27E72886BC86001EBFCB /* FanRgbView.m */; };
		669A28112886BC86001EBFCB /* FanAudioConverter.m in Sources */ = {isa = PBXBuildFile; fileRef = 669A27E82886BC86001EBFCB /* FanAudioConverter.m */; };
		669A28122886BC86001EBFCB /* UIView+FanAutoLayout.m in Sources */ = {isa = PBXBuildFile; fileRef = 669A27E92886BC86001EBFCB /* UIView+FanAutoLayout.m */; };
		669A28132886BC86001EBFCB /* FanAlertController.m in Sources */ = {isa = PBXBuildFile; fileRef = 669A27EA2886BC86001EBFCB /* FanAlertController.m */; };
		669A28142886BC86001EBFCB /* NSNull+FanNull.m in Sources */ = {isa = PBXBuildFile; fileRef = 669A27EC2886BC86001EBFCB /* NSNull+FanNull.m */; };
		669A28152886BC86001EBFCB /* FanDrawLayer.m in Sources */ = {isa = PBXBuildFile; fileRef = 669A27EE2886BC86001EBFCB /* FanDrawLayer.m */; };
		669A28162886BC86001EBFCB /* FanProgressHUD.m in Sources */ = {isa = PBXBuildFile; fileRef = 669A27EF2886BC86001EBFCB /* FanProgressHUD.m */; };
		669A28172886BC86001EBFCB /* FanToolBox.m in Sources */ = {isa = PBXBuildFile; fileRef = 669A27F12886BC86001EBFCB /* FanToolBox.m */; };
		669A28182886BC86001EBFCB /* FanTextField.m in Sources */ = {isa = PBXBuildFile; fileRef = 669A27F22886BC86001EBFCB /* FanTextField.m */; };
		669A28192886BC86001EBFCB /* FanAnimationToll.m in Sources */ = {isa = PBXBuildFile; fileRef = 669A27F32886BC86001EBFCB /* FanAnimationToll.m */; };
		669A281A2886BC86001EBFCB /* FanDataTool.m in Sources */ = {isa = PBXBuildFile; fileRef = 669A27F92886BC86001EBFCB /* FanDataTool.m */; };
		669A281B2886BC86001EBFCB /* FanCopyLabel.m in Sources */ = {isa = PBXBuildFile; fileRef = 669A27FC2886BC86001EBFCB /* FanCopyLabel.m */; };
		669A281C2886BC86001EBFCB /* FanRSA.m in Sources */ = {isa = PBXBuildFile; fileRef = 669A27FE2886BC86001EBFCB /* FanRSA.m */; };
		669A281E2886BC86001EBFCB /* NSDictionary+FanNull.m in Sources */ = {isa = PBXBuildFile; fileRef = 669A28052886BC86001EBFCB /* NSDictionary+FanNull.m */; };
		669A28362887B0E2001EBFCB /* FanKit.bundle in Resources */ = {isa = PBXBuildFile; fileRef = 669A28352887B0E2001EBFCB /* FanKit.bundle */; };
		66B396611D2A3F0C00A40A06 /* FanSideslipManager.m in Sources */ = {isa = PBXBuildFile; fileRef = 66B396601D2A3F0C00A40A06 /* FanSideslipManager.m */; };
		66B396651D2A3F2200A40A06 /* FanDragBubbleView.m in Sources */ = {isa = PBXBuildFile; fileRef = 66B396641D2A3F2200A40A06 /* FanDragBubbleView.m */; };
		66B3967E1D2A52B400A40A06 /* FanActionSheetView.m in Sources */ = {isa = PBXBuildFile; fileRef = 66B396771D2A52B400A40A06 /* FanActionSheetView.m */; };
		66B3967F1D2A52B400A40A06 /* FanShareView.m in Sources */ = {isa = PBXBuildFile; fileRef = 66B396791D2A52B400A40A06 /* FanShareView.m */; };
		66B396801D2A52B400A40A06 /* FanShowAlertView.m in Sources */ = {isa = PBXBuildFile; fileRef = 66B3967B1D2A52B400A40A06 /* FanShowAlertView.m */; };
		66B396811D2A52B400A40A06 /* FanShowView.m in Sources */ = {isa = PBXBuildFile; fileRef = 66B3967D1D2A52B400A40A06 /* FanShowView.m */; };
		66B396871D2A532000A40A06 /* FanGesturePasswordView.m in Sources */ = {isa = PBXBuildFile; fileRef = 66B396841D2A532000A40A06 /* FanGesturePasswordView.m */; };
		66B396881D2A532000A40A06 /* FanLockNodeView.m in Sources */ = {isa = PBXBuildFile; fileRef = 66B396861D2A532000A40A06 /* FanLockNodeView.m */; };
		66B3968C1D2A536400A40A06 /* FanSwiperbleView.m in Sources */ = {isa = PBXBuildFile; fileRef = 66B3968B1D2A536400A40A06 /* FanSwiperbleView.m */; };
		66E81A551E7253B8008E887E /* FanTestViewController.m in Sources */ = {isa = PBXBuildFile; fileRef = 66E81A541E7253B8008E887E /* FanTestViewController.m */; };
		66E81A5F1E72A791008E887E /* FanCommonViewController.m in Sources */ = {isa = PBXBuildFile; fileRef = 66E81A5E1E72A791008E887E /* FanCommonViewController.m */; };
		66E81A621E72B782008E887E /* FanGesturePasswordViewController.m in Sources */ = {isa = PBXBuildFile; fileRef = 66E81A611E72B782008E887E /* FanGesturePasswordViewController.m */; };
		66E81A651E72C069008E887E /* FanSwiperbleViewController.m in Sources */ = {isa = PBXBuildFile; fileRef = 66E81A641E72C069008E887E /* FanSwiperbleViewController.m */; };
		66E81A681E72C319008E887E /* swip1.jpg in Resources */ = {isa = PBXBuildFile; fileRef = 66E81A661E72C319008E887E /* swip1.jpg */; };
		66E81A691E72C319008E887E /* swip2.jpg in Resources */ = {isa = PBXBuildFile; fileRef = 66E81A671E72C319008E887E /* swip2.jpg */; };
		66E81A6B1E72C326008E887E /* peerImage@2x.png in Resources */ = {isa = PBXBuildFile; fileRef = 66E81A6A1E72C326008E887E /* peerImage@2x.png */; };
/* End PBXBuildFile section */

/* Begin PBXContainerItemProxy section */
		667A9FDC1CFEC619009B1D53 /* PBXContainerItemProxy */ = {
			isa = PBXContainerItemProxy;
			containerPortal = 667A9FBA1CFEC619009B1D53 /* Project object */;
			proxyType = 1;
			remoteGlobalIDString = 667A9FC11CFEC619009B1D53;
			remoteInfo = FanKit;
		};
		667A9FE71CFEC619009B1D53 /* PBXContainerItemProxy */ = {
			isa = PBXContainerItemProxy;
			containerPortal = 667A9FBA1CFEC619009B1D53 /* Project object */;
			proxyType = 1;
			remoteGlobalIDString = 667A9FC11CFEC619009B1D53;
			remoteInfo = FanKit;
		};
/* End PBXContainerItemProxy section */

/* Begin PBXFileReference section */
		6617410B1D2B637C005A5221 /* FanRootViewController.h */ = {isa = PBXFileReference; fileEncoding = 4; lastKnownFileType = sourcecode.c.h; path = FanRootViewController.h; sourceTree = "<group>"; };
		6617410C1D2B637C005A5221 /* FanRootViewController.m */ = {isa = PBXFileReference; fileEncoding = 4; lastKnownFileType = sourcecode.c.objc; path = FanRootViewController.m; sourceTree = "<group>"; };
		6617410E1D2B63EE005A5221 /* FanNavigationController.h */ = {isa = PBXFileReference; fileEncoding = 4; lastKnownFileType = sourcecode.c.h; path = FanNavigationController.h; sourceTree = "<group>"; };
		6617410F1D2B63EE005A5221 /* FanNavigationController.m */ = {isa = PBXFileReference; fileEncoding = 4; lastKnownFileType = sourcecode.c.objc; path = FanNavigationController.m; sourceTree = "<group>"; };
		661741111D2B66D5005A5221 /* FanKitTableViewController.h */ = {isa = PBXFileReference; fileEncoding = 4; lastKnownFileType = sourcecode.c.h; path = FanKitTableViewController.h; sourceTree = "<group>"; };
		661741121D2B66D5005A5221 /* FanKitTableViewController.m */ = {isa = PBXFileReference; fileEncoding = 4; lastKnownFileType = sourcecode.c.objc; path = FanKitTableViewController.m; sourceTree = "<group>"; };
		664AA55D253A8DBA003845D9 /* FanRgbViewController.h */ = {isa = PBXFileReference; lastKnownFileType = sourcecode.c.h; path = FanRgbViewController.h; sourceTree = "<group>"; };
		664AA55E253A8DBA003845D9 /* FanRgbViewController.m */ = {isa = PBXFileReference; lastKnownFileType = sourcecode.c.objc; path = FanRgbViewController.m; sourceTree = "<group>"; };
		667A9FC21CFEC619009B1D53 /* FanKit.app */ = {isa = PBXFileReference; explicitFileType = wrapper.application; includeInIndex = 0; path = FanKit.app; sourceTree = BUILT_PRODUCTS_DIR; };
		667A9FC61CFEC619009B1D53 /* main.m */ = {isa = PBXFileReference; lastKnownFileType = sourcecode.c.objc; path = main.m; sourceTree = "<group>"; };
		667A9FC81CFEC619009B1D53 /* AppDelegate.h */ = {isa = PBXFileReference; lastKnownFileType = sourcecode.c.h; path = AppDelegate.h; sourceTree = "<group>"; };
		667A9FC91CFEC619009B1D53 /* AppDelegate.m */ = {isa = PBXFileReference; lastKnownFileType = sourcecode.c.objc; path = AppDelegate.m; sourceTree = "<group>"; };
		667A9FCB1CFEC619009B1D53 /* ViewController.h */ = {isa = PBXFileReference; lastKnownFileType = sourcecode.c.h; path = ViewController.h; sourceTree = "<group>"; };
		667A9FCC1CFEC619009B1D53 /* ViewController.m */ = {isa = PBXFileReference; lastKnownFileType = sourcecode.c.objc; path = ViewController.m; sourceTree = "<group>"; };
		667A9FCF1CFEC619009B1D53 /* Base */ = {isa = PBXFileReference; lastKnownFileType = file.storyboard; name = Base; path = Base.lproj/Main.storyboard; sourceTree = "<group>"; };
		667A9FD11CFEC619009B1D53 /* Assets.xcassets */ = {isa = PBXFileReference; lastKnownFileType = folder.assetcatalog; path = Assets.xcassets; sourceTree = "<group>"; };
		667A9FD41CFEC619009B1D53 /* Base */ = {isa = PBXFileReference; lastKnownFileType = file.storyboard; name = Base; path = Base.lproj/LaunchScreen.storyboard; sourceTree = "<group>"; };
		667A9FD61CFEC619009B1D53 /* Info.plist */ = {isa = PBXFileReference; lastKnownFileType = text.plist.xml; path = Info.plist; sourceTree = "<group>"; };
		667A9FDB1CFEC619009B1D53 /* FanKitTests.xctest */ = {isa = PBXFileReference; explicitFileType = wrapper.cfbundle; includeInIndex = 0; path = FanKitTests.xctest; sourceTree = BUILT_PRODUCTS_DIR; };
		667A9FDF1CFEC619009B1D53 /* FanKitTests.m */ = {isa = PBXFileReference; lastKnownFileType = sourcecode.c.objc; path = FanKitTests.m; sourceTree = "<group>"; };
		667A9FE11CFEC619009B1D53 /* Info.plist */ = {isa = PBXFileReference; lastKnownFileType = text.plist.xml; path = Info.plist; sourceTree = "<group>"; };
		667A9FE61CFEC619009B1D53 /* FanKitUITests.xctest */ = {isa = PBXFileReference; explicitFileType = wrapper.cfbundle; includeInIndex = 0; path = FanKitUITests.xctest; sourceTree = BUILT_PRODUCTS_DIR; };
		667A9FEA1CFEC619009B1D53 /* FanKitUITests.m */ = {isa = PBXFileReference; lastKnownFileType = sourcecode.c.objc; path = FanKitUITests.m; sourceTree = "<group>"; };
		667A9FEC1CFEC619009B1D53 /* Info.plist */ = {isa = PBXFileReference; lastKnownFileType = text.plist.xml; path = Info.plist; sourceTree = "<group>"; };
		6683108F22842F1500444009 /* FanColorView.h */ = {isa = PBXFileReference; fileEncoding = 4; lastKnownFileType = sourcecode.c.h; path = FanColorView.h; sourceTree = "<group>"; };
		6683109022842F1500444009 /* FanColorView.m */ = {isa = PBXFileReference; fileEncoding = 4; lastKnownFileType = sourcecode.c.objc; path = FanColorView.m; sourceTree = "<group>"; };
		669A277328869CA6001EBFCB /* FanKit_palette.png */ = {isa = PBXFileReference; lastKnownFileType = image.png; path = FanKit_palette.png; sourceTree = "<group>"; };
		669A27D32886BC86001EBFCB /* NSObject+FanDictionary.m */ = {isa = PBXFileReference; fileEncoding = 4; lastKnownFileType = sourcecode.c.objc; path = "NSObject+FanDictionary.m"; sourceTree = "<group>"; };
		669A27D42886BC86001EBFCB /* FanProgressHUD.h */ = {isa = PBXFileReference; fileEncoding = 4; lastKnownFileType = sourcecode.c.h; path = FanProgressHUD.h; sourceTree = "<group>"; };
		669A27D52886BC86001EBFCB /* FanDrawLayer.h */ = {isa = PBXFileReference; fileEncoding = 4; lastKnownFileType = sourcecode.c.h; path = FanDrawLayer.h; sourceTree = "<group>"; };
		669A27D62886BC86001EBFCB /* FanUIKit.m */ = {isa = PBXFileReference; fileEncoding = 4; lastKnownFileType = sourcecode.c.objc; path = FanUIKit.m; sourceTree = "<group>"; };
		669A27D72886BC86001EBFCB /* NSNull+FanNull.h */ = {isa = PBXFileReference; fileEncoding = 4; lastKnownFileType = sourcecode.c.h; path = "NSNull+FanNull.h"; sourceTree = "<group>"; };
		669A27D82886BC86001EBFCB /* FanAnyObject.m */ = {isa = PBXFileReference; fileEncoding = 4; lastKnownFileType = sourcecode.c.objc; path = FanAnyObject.m; sourceTree = "<group>"; };
		669A27D92886BC86001EBFCB /* FanDeviceOrientation.m */ = {isa = PBXFileReference; fileEncoding = 4; lastKnownFileType = sourcecode.c.objc; path = FanDeviceOrientation.m; sourceTree = "<group>"; };
		669A27DA2886BC86001EBFCB /* FanDialogboxController.m */ = {isa = PBXFileReference; fileEncoding = 4; lastKnownFileType = sourcecode.c.objc; path = FanDialogboxController.m; sourceTree = "<group>"; };
		669A27DB2886BC86001EBFCB /* FanKit.h */ = {isa = PBXFileReference; fileEncoding = 4; lastKnownFileType = sourcecode.c.h; path = FanKit.h; sourceTree = "<group>"; };
		669A27DC2886BC86001EBFCB /* FanAuthManager.m */ = {isa = PBXFileReference; fileEncoding = 4; lastKnownFileType = sourcecode.c.objc; path = FanAuthManager.m; sourceTree = "<group>"; };
		669A27DD2886BC86001EBFCB /* FanAnimationToll.h */ = {isa = PBXFileReference; fileEncoding = 4; lastKnownFileType = sourcecode.c.h; path = FanAnimationToll.h; sourceTree = "<group>"; };
		669A27DE2886BC86001EBFCB /* FanVideoRecord.m */ = {isa = PBXFileReference; fileEncoding = 4; lastKnownFileType = sourcecode.c.objc; path = FanVideoRecord.m; sourceTree = "<group>"; };
		669A27DF2886BC86001EBFCB /* FanTextField.h */ = {isa = PBXFileReference; fileEncoding = 4; lastKnownFileType = sourcecode.c.h; path = FanTextField.h; sourceTree = "<group>"; };
		669A27E02886BC86001EBFCB /* FanToolBox.h */ = {isa = PBXFileReference; fileEncoding = 4; lastKnownFileType = sourcecode.c.h; path = FanToolBox.h; sourceTree = "<group>"; };
		669A27E12886BC86001EBFCB /* FanCopyLabel.h */ = {isa = PBXFileReference; fileEncoding = 4; lastKnownFileType = sourcecode.c.h; path = FanCopyLabel.h; sourceTree = "<group>"; };
		669A27E22886BC86001EBFCB /* NSBundle+FanKit.m */ = {isa = PBXFileReference; fileEncoding = 4; lastKnownFileType = sourcecode.c.objc; path = "NSBundle+FanKit.m"; sourceTree = "<group>"; };
		669A27E32886BC86001EBFCB /* UIViewController+FanRoot.m */ = {isa = PBXFileReference; fileEncoding = 4; lastKnownFileType = sourcecode.c.objc; path = "UIViewController+FanRoot.m"; sourceTree = "<group>"; };
		669A27E42886BC86001EBFCB /* NSString+FanTime.m */ = {isa = PBXFileReference; fileEncoding = 4; lastKnownFileType = sourcecode.c.objc; path = "NSString+FanTime.m"; sourceTree = "<group>"; };
		669A27E52886BC86001EBFCB /* FanDataTool.h */ = {isa = PBXFileReference; fileEncoding = 4; lastKnownFileType = sourcecode.c.h; path = FanDataTool.h; sourceTree = "<group>"; };
		669A27E62886BC86001EBFCB /* NSDictionary+FanNull.h */ = {isa = PBXFileReference; fileEncoding = 4; lastKnownFileType = sourcecode.c.h; path = "NSDictionary+FanNull.h"; sourceTree = "<group>"; };
		669A27E72886BC86001EBFCB /* FanRgbView.m */ = {isa = PBXFileReference; fileEncoding = 4; lastKnownFileType = sourcecode.c.objc; path = FanRgbView.m; sourceTree = "<group>"; };
		669A27E82886BC86001EBFCB /* FanAudioConverter.m */ = {isa = PBXFileReference; fileEncoding = 4; lastKnownFileType = sourcecode.c.objc; path = FanAudioConverter.m; sourceTree = "<group>"; };
		669A27E92886BC86001EBFCB /* UIView+FanAutoLayout.m */ = {isa = PBXFileReference; fileEncoding = 4; lastKnownFileType = sourcecode.c.objc; path = "UIView+FanAutoLayout.m"; sourceTree = "<group>"; };
		669A27EA2886BC86001EBFCB /* FanAlertController.m */ = {isa = PBXFileReference; fileEncoding = 4; lastKnownFileType = sourcecode.c.objc; path = FanAlertController.m; sourceTree = "<group>"; };
		669A27EB2886BC86001EBFCB /* FanRSA.h */ = {isa = PBXFileReference; fileEncoding = 4; lastKnownFileType = sourcecode.c.h; path = FanRSA.h; sourceTree = "<group>"; };
		669A27EC2886BC86001EBFCB /* NSNull+FanNull.m */ = {isa = PBXFileReference; fileEncoding = 4; lastKnownFileType = sourcecode.c.objc; path = "NSNull+FanNull.m"; sourceTree = "<group>"; };
		669A27ED2886BC86001EBFCB /* FanUIKit.h */ = {isa = PBXFileReference; fileEncoding = 4; lastKnownFileType = sourcecode.c.h; path = FanUIKit.h; sourceTree = "<group>"; };
		669A27EE2886BC86001EBFCB /* FanDrawLayer.m */ = {isa = PBXFileReference; fileEncoding = 4; lastKnownFileType = sourcecode.c.objc; path = FanDrawLayer.m; sourceTree = "<group>"; };
		669A27EF2886BC86001EBFCB /* FanProgressHUD.m */ = {isa = PBXFileReference; fileEncoding = 4; lastKnownFileType = sourcecode.c.objc; path = FanProgressHUD.m; sourceTree = "<group>"; };
		669A27F02886BC86001EBFCB /* NSObject+FanDictionary.h */ = {isa = PBXFileReference; fileEncoding = 4; lastKnownFileType = sourcecode.c.h; path = "NSObject+FanDictionary.h"; sourceTree = "<group>"; };
		669A27F12886BC86001EBFCB /* FanToolBox.m */ = {isa = PBXFileReference; fileEncoding = 4; lastKnownFileType = sourcecode.c.objc; path = FanToolBox.m; sourceTree = "<group>"; };
		669A27F22886BC86001EBFCB /* FanTextField.m */ = {isa = PBXFileReference; fileEncoding = 4; lastKnownFileType = sourcecode.c.objc; path = FanTextField.m; sourceTree = "<group>"; };
		669A27F32886BC86001EBFCB /* FanAnimationToll.m */ = {isa = PBXFileReference; fileEncoding = 4; lastKnownFileType = sourcecode.c.objc; path = FanAnimationToll.m; sourceTree = "<group>"; };
		669A27F42886BC86001EBFCB /* FanAuthManager.h */ = {isa = PBXFileReference; fileEncoding = 4; lastKnownFileType = sourcecode.c.h; path = FanAuthManager.h; sourceTree = "<group>"; };
		669A27F52886BC86001EBFCB /* FanVideoRecord.h */ = {isa = PBXFileReference; fileEncoding = 4; lastKnownFileType = sourcecode.c.h; path = FanVideoRecord.h; sourceTree = "<group>"; };
		669A27F62886BC86001EBFCB /* FanDialogboxController.h */ = {isa = PBXFileReference; fileEncoding = 4; lastKnownFileType = sourcecode.c.h; path = FanDialogboxController.h; sourceTree = "<group>"; };
		669A27F72886BC86001EBFCB /* FanDeviceOrientation.h */ = {isa = PBXFileReference; fileEncoding = 4; lastKnownFileType = sourcecode.c.h; path = FanDeviceOrientation.h; sourceTree = "<group>"; };
		669A27F82886BC86001EBFCB /* FanAnyObject.h */ = {isa = PBXFileReference; fileEncoding = 4; lastKnownFileType = sourcecode.c.h; path = FanAnyObject.h; sourceTree = "<group>"; };
		669A27F92886BC86001EBFCB /* FanDataTool.m */ = {isa = PBXFileReference; fileEncoding = 4; lastKnownFileType = sourcecode.c.objc; path = FanDataTool.m; sourceTree = "<group>"; };
		669A27FA2886BC86001EBFCB /* UIViewController+FanRoot.h */ = {isa = PBXFileReference; fileEncoding = 4; lastKnownFileType = sourcecode.c.h; path = "UIViewController+FanRoot.h"; sourceTree = "<group>"; };
		669A27FB2886BC86001EBFCB /* NSString+FanTime.h */ = {isa = PBXFileReference; fileEncoding = 4; lastKnownFileType = sourcecode.c.h; path = "NSString+FanTime.h"; sourceTree = "<group>"; };
		669A27FC2886BC86001EBFCB /* FanCopyLabel.m */ = {isa = PBXFileReference; fileEncoding = 4; lastKnownFileType = sourcecode.c.objc; path = FanCopyLabel.m; sourceTree = "<group>"; };
		669A27FD2886BC86001EBFCB /* NSBundle+FanKit.h */ = {isa = PBXFileReference; fileEncoding = 4; lastKnownFileType = sourcecode.c.h; path = "NSBundle+FanKit.h"; sourceTree = "<group>"; };
		669A27FE2886BC86001EBFCB /* FanRSA.m */ = {isa = PBXFileReference; fileEncoding = 4; lastKnownFileType = sourcecode.c.objc; path = FanRSA.m; sourceTree = "<group>"; };
		669A28002886BC86001EBFCB /* FanAlertController.h */ = {isa = PBXFileReference; fileEncoding = 4; lastKnownFileType = sourcecode.c.h; path = FanAlertController.h; sourceTree = "<group>"; };
		669A28012886BC86001EBFCB /* UIView+FanAutoLayout.h */ = {isa = PBXFileReference; fileEncoding = 4; lastKnownFileType = sourcecode.c.h; path = "UIView+FanAutoLayout.h"; sourceTree = "<group>"; };
		669A28022886BC86001EBFCB /* FanKitHead.h */ = {isa = PBXFileReference; fileEncoding = 4; lastKnownFileType = sourcecode.c.h; path = FanKitHead.h; sourceTree = "<group>"; };
		669A28032886BC86001EBFCB /* FanRgbView.h */ = {isa = PBXFileReference; fileEncoding = 4; lastKnownFileType = sourcecode.c.h; path = FanRgbView.h; sourceTree = "<group>"; };
		669A28042886BC86001EBFCB /* FanAudioConverter.h */ = {isa = PBXFileReference; fileEncoding = 4; lastKnownFileType = sourcecode.c.h; path = FanAudioConverter.h; sourceTree = "<group>"; };
		669A28052886BC86001EBFCB /* NSDictionary+FanNull.m */ = {isa = PBXFileReference; fileEncoding = 4; lastKnownFileType = sourcecode.c.objc; path = "NSDictionary+FanNull.m"; sourceTree = "<group>"; };
		669A28352887B0E2001EBFCB /* FanKit.bundle */ = {isa = PBXFileReference; lastKnownFileType = "wrapper.plug-in"; path = FanKit.bundle; sourceTree = "<group>"; };
		66B3965F1D2A3F0C00A40A06 /* FanSideslipManager.h */ = {isa = PBXFileReference; fileEncoding = 4; lastKnownFileType = sourcecode.c.h; path = FanSideslipManager.h; sourceTree = "<group>"; };
		66B396601D2A3F0C00A40A06 /* FanSideslipManager.m */ = {isa = PBXFileReference; fileEncoding = 4; lastKnownFileType = sourcecode.c.objc; path = FanSideslipManager.m; sourceTree = "<group>"; };
		66B396631D2A3F2200A40A06 /* FanDragBubbleView.h */ = {isa = PBXFileReference; fileEncoding = 4; lastKnownFileType = sourcecode.c.h; path = FanDragBubbleView.h; sourceTree = "<group>"; };
		66B396641D2A3F2200A40A06 /* FanDragBubbleView.m */ = {isa = PBXFileReference; fileEncoding = 4; lastKnownFileType = sourcecode.c.objc; path = FanDragBubbleView.m; sourceTree = "<group>"; };
		66B396761D2A52B400A40A06 /* FanActionSheetView.h */ = {isa = PBXFileReference; fileEncoding = 4; lastKnownFileType = sourcecode.c.h; path = FanActionSheetView.h; sourceTree = "<group>"; };
		66B396771D2A52B400A40A06 /* FanActionSheetView.m */ = {isa = PBXFileReference; fileEncoding = 4; lastKnownFileType = sourcecode.c.objc; path = FanActionSheetView.m; sourceTree = "<group>"; };
		66B396781D2A52B400A40A06 /* FanShareView.h */ = {isa = PBXFileReference; fileEncoding = 4; lastKnownFileType = sourcecode.c.h; path = FanShareView.h; sourceTree = "<group>"; };
		66B396791D2A52B400A40A06 /* FanShareView.m */ = {isa = PBXFileReference; fileEncoding = 4; lastKnownFileType = sourcecode.c.objc; path = FanShareView.m; sourceTree = "<group>"; };
		66B3967A1D2A52B400A40A06 /* FanShowAlertView.h */ = {isa = PBXFileReference; fileEncoding = 4; lastKnownFileType = sourcecode.c.h; path = FanShowAlertView.h; sourceTree = "<group>"; };
		66B3967B1D2A52B400A40A06 /* FanShowAlertView.m */ = {isa = PBXFileReference; fileEncoding = 4; lastKnownFileType = sourcecode.c.objc; path = FanShowAlertView.m; sourceTree = "<group>"; };
		66B3967C1D2A52B400A40A06 /* FanShowView.h */ = {isa = PBXFileReference; fileEncoding = 4; lastKnownFileType = sourcecode.c.h; path = FanShowView.h; sourceTree = "<group>"; };
		66B3967D1D2A52B400A40A06 /* FanShowView.m */ = {isa = PBXFileReference; fileEncoding = 4; lastKnownFileType = sourcecode.c.objc; path = FanShowView.m; sourceTree = "<group>"; };
		66B396831D2A532000A40A06 /* FanGesturePasswordView.h */ = {isa = PBXFileReference; fileEncoding = 4; lastKnownFileType = sourcecode.c.h; path = FanGesturePasswordView.h; sourceTree = "<group>"; };
		66B396841D2A532000A40A06 /* FanGesturePasswordView.m */ = {isa = PBXFileReference; fileEncoding = 4; lastKnownFileType = sourcecode.c.objc; path = FanGesturePasswordView.m; sourceTree = "<group>"; };
		66B396851D2A532000A40A06 /* FanLockNodeView.h */ = {isa = PBXFileReference; fileEncoding = 4; lastKnownFileType = sourcecode.c.h; path = FanLockNodeView.h; sourceTree = "<group>"; };
		66B396861D2A532000A40A06 /* FanLockNodeView.m */ = {isa = PBXFileReference; fileEncoding = 4; lastKnownFileType = sourcecode.c.objc; path = FanLockNodeView.m; sourceTree = "<group>"; };
		66B3968A1D2A536400A40A06 /* FanSwiperbleView.h */ = {isa = PBXFileReference; fileEncoding = 4; lastKnownFileType = sourcecode.c.h; path = FanSwiperbleView.h; sourceTree = "<group>"; };
		66B3968B1D2A536400A40A06 /* FanSwiperbleView.m */ = {isa = PBXFileReference; fileEncoding = 4; lastKnownFileType = sourcecode.c.objc; path = FanSwiperbleView.m; sourceTree = "<group>"; };
		66E81A531E7253B8008E887E /* FanTestViewController.h */ = {isa = PBXFileReference; fileEncoding = 4; lastKnownFileType = sourcecode.c.h; path = FanTestViewController.h; sourceTree = "<group>"; };
		66E81A541E7253B8008E887E /* FanTestViewController.m */ = {isa = PBXFileReference; fileEncoding = 4; lastKnownFileType = sourcecode.c.objc; path = FanTestViewController.m; sourceTree = "<group>"; };
		66E81A5D1E72A791008E887E /* FanCommonViewController.h */ = {isa = PBXFileReference; fileEncoding = 4; lastKnownFileType = sourcecode.c.h; path = FanCommonViewController.h; sourceTree = "<group>"; };
		66E81A5E1E72A791008E887E /* FanCommonViewController.m */ = {isa = PBXFileReference; fileEncoding = 4; lastKnownFileType = sourcecode.c.objc; path = FanCommonViewController.m; sourceTree = "<group>"; };
		66E81A601E72B782008E887E /* FanGesturePasswordViewController.h */ = {isa = PBXFileReference; fileEncoding = 4; lastKnownFileType = sourcecode.c.h; path = FanGesturePasswordViewController.h; sourceTree = "<group>"; };
		66E81A611E72B782008E887E /* FanGesturePasswordViewController.m */ = {isa = PBXFileReference; fileEncoding = 4; lastKnownFileType = sourcecode.c.objc; path = FanGesturePasswordViewController.m; sourceTree = "<group>"; };
		66E81A631E72C069008E887E /* FanSwiperbleViewController.h */ = {isa = PBXFileReference; fileEncoding = 4; lastKnownFileType = sourcecode.c.h; path = FanSwiperbleViewController.h; sourceTree = "<group>"; };
		66E81A641E72C069008E887E /* FanSwiperbleViewController.m */ = {isa = PBXFileReference; fileEncoding = 4; lastKnownFileType = sourcecode.c.objc; path = FanSwiperbleViewController.m; sourceTree = "<group>"; };
		66E81A661E72C319008E887E /* swip1.jpg */ = {isa = PBXFileReference; lastKnownFileType = image.jpeg; path = swip1.jpg; sourceTree = "<group>"; };
		66E81A671E72C319008E887E /* swip2.jpg */ = {isa = PBXFileReference; lastKnownFileType = image.jpeg; path = swip2.jpg; sourceTree = "<group>"; };
		66E81A6A1E72C326008E887E /* peerImage@2x.png */ = {isa = PBXFileReference; lastKnownFileType = image.png; path = "peerImage@2x.png"; sourceTree = "<group>"; };
/* End PBXFileReference section */

/* Begin PBXFrameworksBuildPhase section */
		667A9FBF1CFEC619009B1D53 /* Frameworks */ = {
			isa = PBXFrameworksBuildPhase;
			buildActionMask = 2147483647;
			files = (
			);
			runOnlyForDeploymentPostprocessing = 0;
		};
		667A9FD81CFEC619009B1D53 /* Frameworks */ = {
			isa = PBXFrameworksBuildPhase;
			buildActionMask = 2147483647;
			files = (
			);
			runOnlyForDeploymentPostprocessing = 0;
		};
		667A9FE31CFEC619009B1D53 /* Frameworks */ = {
			isa = PBXFrameworksBuildPhase;
			buildActionMask = 2147483647;
			files = (
			);
			runOnlyForDeploymentPostprocessing = 0;
		};
/* End PBXFrameworksBuildPhase section */

/* Begin PBXGroup section */
		661741091D2B6268005A5221 /* Viewcontrollers */ = {
			isa = PBXGroup;
			children = (
				66E81A5C1E72A775008E887E /* CommonViewController */,
				66E81A581E7261CC008E887E /* LibsViewController */,
				6617410A1D2B6315005A5221 /* RootViewcontroller */,
				661741111D2B66D5005A5221 /* FanKitTableViewController.h */,
				661741121D2B66D5005A5221 /* FanKitTableViewController.m */,
				66E81A531E7253B8008E887E /* FanTestViewController.h */,
				66E81A541E7253B8008E887E /* FanTestViewController.m */,
				664AA55D253A8DBA003845D9 /* FanRgbViewController.h */,
				664AA55E253A8DBA003845D9 /* FanRgbViewController.m */,
			);
			path = Viewcontrollers;
			sourceTree = "<group>";
		};
		6617410A1D2B6315005A5221 /* RootViewcontroller */ = {
			isa = PBXGroup;
			children = (
				6617410B1D2B637C005A5221 /* FanRootViewController.h */,
				6617410C1D2B637C005A5221 /* FanRootViewController.m */,
				6617410E1D2B63EE005A5221 /* FanNavigationController.h */,
				6617410F1D2B63EE005A5221 /* FanNavigationController.m */,
			);
			path = RootViewcontroller;
			sourceTree = "<group>";
		};
		667A9FB91CFEC619009B1D53 = {
			isa = PBXGroup;
			children = (
				669A27D12886BC86001EBFCB /* Sources */,
				667A9FC41CFEC619009B1D53 /* FanKit */,
				667A9FDE1CFEC619009B1D53 /* FanKitTests */,
				667A9FE91CFEC619009B1D53 /* FanKitUITests */,
				667A9FC31CFEC619009B1D53 /* Products */,
			);
			sourceTree = "<group>";
		};
		667A9FC31CFEC619009B1D53 /* Products */ = {
			isa = PBXGroup;
			children = (
				667A9FC21CFEC619009B1D53 /* FanKit.app */,
				667A9FDB1CFEC619009B1D53 /* FanKitTests.xctest */,
				667A9FE61CFEC619009B1D53 /* FanKitUITests.xctest */,
			);
			name = Products;
			sourceTree = "<group>";
		};
		667A9FC41CFEC619009B1D53 /* FanKit */ = {
			isa = PBXGroup;
			children = (
				66B3965D1D2A3ECE00A40A06 /* Libs */,
				66E81A591E727792008E887E /* images */,
				661741091D2B6268005A5221 /* Viewcontrollers */,
				667A9FC81CFEC619009B1D53 /* AppDelegate.h */,
				667A9FC91CFEC619009B1D53 /* AppDelegate.m */,
				667A9FCB1CFEC619009B1D53 /* ViewController.h */,
				667A9FCC1CFEC619009B1D53 /* ViewController.m */,
				667A9FCE1CFEC619009B1D53 /* Main.storyboard */,
				667A9FD11CFEC619009B1D53 /* Assets.xcassets */,
				667A9FD31CFEC619009B1D53 /* LaunchScreen.storyboard */,
				667A9FD61CFEC619009B1D53 /* Info.plist */,
				667A9FC51CFEC619009B1D53 /* Supporting Files */,
			);
			path = FanKit;
			sourceTree = "<group>";
		};
		667A9FC51CFEC619009B1D53 /* Supporting Files */ = {
			isa = PBXGroup;
			children = (
				667A9FC61CFEC619009B1D53 /* main.m */,
			);
			name = "Supporting Files";
			sourceTree = "<group>";
		};
		667A9FDE1CFEC619009B1D53 /* FanKitTests */ = {
			isa = PBXGroup;
			children = (
				667A9FDF1CFEC619009B1D53 /* FanKitTests.m */,
				667A9FE11CFEC619009B1D53 /* Info.plist */,
			);
			path = FanKitTests;
			sourceTree = "<group>";
		};
		667A9FE91CFEC619009B1D53 /* FanKitUITests */ = {
			isa = PBXGroup;
			children = (
				667A9FEA1CFEC619009B1D53 /* FanKitUITests.m */,
				667A9FEC1CFEC619009B1D53 /* Info.plist */,
			);
			path = FanKitUITests;
			sourceTree = "<group>";
		};
		669A277228869B5C001EBFCB /* FanColor */ = {
			isa = PBXGroup;
			children = (
				669A277328869CA6001EBFCB /* FanKit_palette.png */,
				6683108F22842F1500444009 /* FanColorView.h */,
				6683109022842F1500444009 /* FanColorView.m */,
			);
			path = FanColor;
			sourceTree = "<group>";
		};
		669A27D12886BC86001EBFCB /* Sources */ = {
			isa = PBXGroup;
			children = (
				669A28342887B0E2001EBFCB /* Resources */,
				669A27D22886BC86001EBFCB /* FanKit */,
			);
			name = Sources;
			path = ../Sources;
			sourceTree = "<group>";
		};
		669A27D22886BC86001EBFCB /* FanKit */ = {
			isa = PBXGroup;
			children = (
				669A282A2886BDEC001EBFCB /* UIKit */,
				669A28222886BD01001EBFCB /* Common */,
				669A28202886BCCD001EBFCB /* Core */,
				669A27DB2886BC86001EBFCB /* FanKit.h */,
				669A28022886BC86001EBFCB /* FanKitHead.h */,
			);
			path = FanKit;
			sourceTree = "<group>";
		};
		669A28202886BCCD001EBFCB /* Core */ = {
			isa = PBXGroup;
			children = (
				669A27DD2886BC86001EBFCB /* FanAnimationToll.h */,
				669A27F32886BC86001EBFCB /* FanAnimationToll.m */,
				669A28042886BC86001EBFCB /* FanAudioConverter.h */,
				669A27E82886BC86001EBFCB /* FanAudioConverter.m */,
				669A27E52886BC86001EBFCB /* FanDataTool.h */,
				669A27F92886BC86001EBFCB /* FanDataTool.m */,
				669A27D52886BC86001EBFCB /* FanDrawLayer.h */,
				669A27EE2886BC86001EBFCB /* FanDrawLayer.m */,
				669A27EB2886BC86001EBFCB /* FanRSA.h */,
				669A27FE2886BC86001EBFCB /* FanRSA.m */,
				669A27E02886BC86001EBFCB /* FanToolBox.h */,
				669A27F12886BC86001EBFCB /* FanToolBox.m */,
				669A27F52886BC86001EBFCB /* FanVideoRecord.h */,
				669A27DE2886BC86001EBFCB /* FanVideoRecord.m */,
				669A27E62886BC86001EBFCB /* NSDictionary+FanNull.h */,
				669A28052886BC86001EBFCB /* NSDictionary+FanNull.m */,
				669A27D72886BC86001EBFCB /* NSNull+FanNull.h */,
				669A27EC2886BC86001EBFCB /* NSNull+FanNull.m */,
				669A27F02886BC86001EBFCB /* NSObject+FanDictionary.h */,
				669A27D32886BC86001EBFCB /* NSObject+FanDictionary.m */,
				669A27FB2886BC86001EBFCB /* NSString+FanTime.h */,
				669A27E42886BC86001EBFCB /* NSString+FanTime.m */,
			);
			name = Core;
			sourceTree = "<group>";
		};
		669A28222886BD01001EBFCB /* Common */ = {
			isa = PBXGroup;
			children = (
				669A27F82886BC86001EBFCB /* FanAnyObject.h */,
				669A27D82886BC86001EBFCB /* FanAnyObject.m */,
				669A27F72886BC86001EBFCB /* FanDeviceOrientation.h */,
				669A27D92886BC86001EBFCB /* FanDeviceOrientation.m */,
				669A27FD2886BC86001EBFCB /* NSBundle+FanKit.h */,
				669A27E22886BC86001EBFCB /* NSBundle+FanKit.m */,
			);
			name = Common;
			sourceTree = "<group>";
		};
		669A282A2886BDEC001EBFCB /* UIKit */ = {
			isa = PBXGroup;
			children = (
				669A28002886BC86001EBFCB /* FanAlertController.h */,
				669A27EA2886BC86001EBFCB /* FanAlertController.m */,
				669A27F42886BC86001EBFCB /* FanAuthManager.h */,
				669A27DC2886BC86001EBFCB /* FanAuthManager.m */,
				669A27E12886BC86001EBFCB /* FanCopyLabel.h */,
				669A27FC2886BC86001EBFCB /* FanCopyLabel.m */,
				669A27F62886BC86001EBFCB /* FanDialogboxController.h */,
				669A27DA2886BC86001EBFCB /* FanDialogboxController.m */,
				669A27D42886BC86001EBFCB /* FanProgressHUD.h */,
				669A27EF2886BC86001EBFCB /* FanProgressHUD.m */,
				669A28032886BC86001EBFCB /* FanRgbView.h */,
				669A27E72886BC86001EBFCB /* FanRgbView.m */,
				669A27DF2886BC86001EBFCB /* FanTextField.h */,
				669A27F22886BC86001EBFCB /* FanTextField.m */,
				669A27ED2886BC86001EBFCB /* FanUIKit.h */,
				669A27D62886BC86001EBFCB /* FanUIKit.m */,
				669A28012886BC86001EBFCB /* UIView+FanAutoLayout.h */,
				669A27E92886BC86001EBFCB /* UIView+FanAutoLayout.m */,
				669A27FA2886BC86001EBFCB /* UIViewController+FanRoot.h */,
				669A27E32886BC86001EBFCB /* UIViewController+FanRoot.m */,
			);
			name = UIKit;
			sourceTree = "<group>";
		};
		669A28342887B0E2001EBFCB /* Resources */ = {
			isa = PBXGroup;
			children = (
				669A28352887B0E2001EBFCB /* FanKit.bundle */,
			);
			path = Resources;
			sourceTree = "<group>";
		};
		66B3965D1D2A3ECE00A40A06 /* Libs */ = {
			isa = PBXGroup;
			children = (
				669A277228869B5C001EBFCB /* FanColor */,
				66B396891D2A536400A40A06 /* FanSwiperble */,
				66B396821D2A532000A40A06 /* FanGesturePassword */,
				66B396751D2A52B400A40A06 /* FanShowView */,
				66B396621D2A3F2200A40A06 /* FanDragBubbleView */,
				66B3965E1D2A3F0C00A40A06 /* FanSideslipManager */,
			);
			path = Libs;
			sourceTree = "<group>";
		};
		66B3965E1D2A3F0C00A40A06 /* FanSideslipManager */ = {
			isa = PBXGroup;
			children = (
				66B3965F1D2A3F0C00A40A06 /* FanSideslipManager.h */,
				66B396601D2A3F0C00A40A06 /* FanSideslipManager.m */,
			);
			path = FanSideslipManager;
			sourceTree = "<group>";
		};
		66B396621D2A3F2200A40A06 /* FanDragBubbleView */ = {
			isa = PBXGroup;
			children = (
				66B396631D2A3F2200A40A06 /* FanDragBubbleView.h */,
				66B396641D2A3F2200A40A06 /* FanDragBubbleView.m */,
			);
			path = FanDragBubbleView;
			sourceTree = "<group>";
		};
		66B396751D2A52B400A40A06 /* FanShowView */ = {
			isa = PBXGroup;
			children = (
				66B396761D2A52B400A40A06 /* FanActionSheetView.h */,
				66B396771D2A52B400A40A06 /* FanActionSheetView.m */,
				66B396781D2A52B400A40A06 /* FanShareView.h */,
				66B396791D2A52B400A40A06 /* FanShareView.m */,
				66B3967A1D2A52B400A40A06 /* FanShowAlertView.h */,
				66B3967B1D2A52B400A40A06 /* FanShowAlertView.m */,
				66B3967C1D2A52B400A40A06 /* FanShowView.h */,
				66B3967D1D2A52B400A40A06 /* FanShowView.m */,
			);
			path = FanShowView;
			sourceTree = "<group>";
		};
		66B396821D2A532000A40A06 /* FanGesturePassword */ = {
			isa = PBXGroup;
			children = (
				66B396831D2A532000A40A06 /* FanGesturePasswordView.h */,
				66B396841D2A532000A40A06 /* FanGesturePasswordView.m */,
				66B396851D2A532000A40A06 /* FanLockNodeView.h */,
				66B396861D2A532000A40A06 /* FanLockNodeView.m */,
			);
			path = FanGesturePassword;
			sourceTree = "<group>";
		};
		66B396891D2A536400A40A06 /* FanSwiperble */ = {
			isa = PBXGroup;
			children = (
				66B3968A1D2A536400A40A06 /* FanSwiperbleView.h */,
				66B3968B1D2A536400A40A06 /* FanSwiperbleView.m */,
			);
			path = FanSwiperble;
			sourceTree = "<group>";
		};
		66E81A581E7261CC008E887E /* LibsViewController */ = {
			isa = PBXGroup;
			children = (
				66E81A601E72B782008E887E /* FanGesturePasswordViewController.h */,
				66E81A611E72B782008E887E /* FanGesturePasswordViewController.m */,
				66E81A631E72C069008E887E /* FanSwiperbleViewController.h */,
				66E81A641E72C069008E887E /* FanSwiperbleViewController.m */,
			);
			path = LibsViewController;
			sourceTree = "<group>";
		};
		66E81A591E727792008E887E /* images */ = {
			isa = PBXGroup;
			children = (
				66E81A6A1E72C326008E887E /* peerImage@2x.png */,
				66E81A661E72C319008E887E /* swip1.jpg */,
				66E81A671E72C319008E887E /* swip2.jpg */,
			);
			path = images;
			sourceTree = "<group>";
		};
		66E81A5C1E72A775008E887E /* CommonViewController */ = {
			isa = PBXGroup;
			children = (
				66E81A5D1E72A791008E887E /* FanCommonViewController.h */,
				66E81A5E1E72A791008E887E /* FanCommonViewController.m */,
			);
			path = CommonViewController;
			sourceTree = "<group>";
		};
/* End PBXGroup section */

/* Begin PBXNativeTarget section */
		667A9FC11CFEC619009B1D53 /* FanKit */ = {
			isa = PBXNativeTarget;
			buildConfigurationList = 667A9FEF1CFEC619009B1D53 /* Build configuration list for PBXNativeTarget "FanKit" */;
			buildPhases = (
				667A9FBE1CFEC619009B1D53 /* Sources */,
				667A9FBF1CFEC619009B1D53 /* Frameworks */,
				667A9FC01CFEC619009B1D53 /* Resources */,
			);
			buildRules = (
			);
			dependencies = (
			);
			name = FanKit;
			productName = FanKit;
			productReference = 667A9FC21CFEC619009B1D53 /* FanKit.app */;
			productType = "com.apple.product-type.application";
		};
		667A9FDA1CFEC619009B1D53 /* FanKitTests */ = {
			isa = PBXNativeTarget;
			buildConfigurationList = 667A9FF21CFEC619009B1D53 /* Build configuration list for PBXNativeTarget "FanKitTests" */;
			buildPhases = (
				667A9FD71CFEC619009B1D53 /* Sources */,
				667A9FD81CFEC619009B1D53 /* Frameworks */,
				667A9FD91CFEC619009B1D53 /* Resources */,
			);
			buildRules = (
			);
			dependencies = (
				667A9FDD1CFEC619009B1D53 /* PBXTargetDependency */,
			);
			name = FanKitTests;
			productName = FanKitTests;
			productReference = 667A9FDB1CFEC619009B1D53 /* FanKitTests.xctest */;
			productType = "com.apple.product-type.bundle.unit-test";
		};
		667A9FE51CFEC619009B1D53 /* FanKitUITests */ = {
			isa = PBXNativeTarget;
			buildConfigurationList = 667A9FF51CFEC619009B1D53 /* Build configuration list for PBXNativeTarget "FanKitUITests" */;
			buildPhases = (
				667A9FE21CFEC619009B1D53 /* Sources */,
				667A9FE31CFEC619009B1D53 /* Frameworks */,
				667A9FE41CFEC619009B1D53 /* Resources */,
			);
			buildRules = (
			);
			dependencies = (
				667A9FE81CFEC619009B1D53 /* PBXTargetDependency */,
			);
			name = FanKitUITests;
			productName = FanKitUITests;
			productReference = 667A9FE61CFEC619009B1D53 /* FanKitUITests.xctest */;
			productType = "com.apple.product-type.bundle.ui-testing";
		};
/* End PBXNativeTarget section */

/* Begin PBXProject section */
		667A9FBA1CFEC619009B1D53 /* Project object */ = {
			isa = PBXProject;
			attributes = {
				LastUpgradeCheck = 1020;
				ORGANIZATIONNAME = "凡向阳";
				TargetAttributes = {
					667A9FC11CFEC619009B1D53 = {
						CreatedOnToolsVersion = 7.3;
						DevelopmentTeam = NW3X9NZ9UP;
					};
					667A9FDA1CFEC619009B1D53 = {
						CreatedOnToolsVersion = 7.3;
						TestTargetID = 667A9FC11CFEC619009B1D53;
					};
					667A9FE51CFEC619009B1D53 = {
						CreatedOnToolsVersion = 7.3;
						TestTargetID = 667A9FC11CFEC619009B1D53;
					};
				};
			};
			buildConfigurationList = 667A9FBD1CFEC619009B1D53 /* Build configuration list for PBXProject "FanKit" */;
			compatibilityVersion = "Xcode 3.2";
			developmentRegion = en;
			hasScannedForEncodings = 0;
			knownRegions = (
				en,
				Base,
			);
			mainGroup = 667A9FB91CFEC619009B1D53;
			productRefGroup = 667A9FC31CFEC619009B1D53 /* Products */;
			projectDirPath = "";
			projectRoot = "";
			targets = (
				667A9FC11CFEC619009B1D53 /* FanKit */,
				667A9FDA1CFEC619009B1D53 /* FanKitTests */,
				667A9FE51CFEC619009B1D53 /* FanKitUITests */,
			);
		};
/* End PBXProject section */

/* Begin PBXResourcesBuildPhase section */
		667A9FC01CFEC619009B1D53 /* Resources */ = {
			isa = PBXResourcesBuildPhase;
			buildActionMask = 2147483647;
			files = (
				66E81A6B1E72C326008E887E /* peerImage@2x.png in Resources */,
				66E81A681E72C319008E887E /* swip1.jpg in Resources */,
				669A28362887B0E2001EBFCB /* FanKit.bundle in Resources */,
				667A9FD51CFEC619009B1D53 /* LaunchScreen.storyboard in Resources */,
				667A9FD21CFEC619009B1D53 /* Assets.xcassets in Resources */,
				667A9FD01CFEC619009B1D53 /* Main.storyboard in Resources */,
				66E81A691E72C319008E887E /* swip2.jpg in Resources */,
			);
			runOnlyForDeploymentPostprocessing = 0;
		};
		667A9FD91CFEC619009B1D53 /* Resources */ = {
			isa = PBXResourcesBuildPhase;
			buildActionMask = 2147483647;
			files = (
			);
			runOnlyForDeploymentPostprocessing = 0;
		};
		667A9FE41CFEC619009B1D53 /* Resources */ = {
			isa = PBXResourcesBuildPhase;
			buildActionMask = 2147483647;
			files = (
			);
			runOnlyForDeploymentPostprocessing = 0;
		};
/* End PBXResourcesBuildPhase section */

/* Begin PBXSourcesBuildPhase section */
		667A9FBE1CFEC619009B1D53 /* Sources */ = {
			isa = PBXSourcesBuildPhase;
			buildActionMask = 2147483647;
			files = (
				6617410D1D2B637C005A5221 /* FanRootViewController.m in Sources */,
				669A28132886BC86001EBFCB /* FanAlertController.m in Sources */,
				66B396651D2A3F2200A40A06 /* FanDragBubbleView.m in Sources */,
				669A280B2886BC86001EBFCB /* FanAuthManager.m in Sources */,
				664AA55F253A8DBA003845D9 /* FanRgbViewController.m in Sources */,
				66B396801D2A52B400A40A06 /* FanShowAlertView.m in Sources */,
				669A281C2886BC86001EBFCB /* FanRSA.m in Sources */,
				66B396811D2A52B400A40A06 /* FanShowView.m in Sources */,
				667A9FCD1CFEC619009B1D53 /* ViewController.m in Sources */,
				66B396881D2A532000A40A06 /* FanLockNodeView.m in Sources */,
				669A280A2886BC86001EBFCB /* FanDialogboxController.m in Sources */,
				669A28162886BC86001EBFCB /* FanProgressHUD.m in Sources */,
				669A28122886BC86001EBFCB /* UIView+FanAutoLayout.m in Sources */,
				669A281B2886BC86001EBFCB /* FanCopyLabel.m in Sources */,
				661741131D2B66D5005A5221 /* FanKitTableViewController.m in Sources */,
				66E81A621E72B782008E887E /* FanGesturePasswordViewController.m in Sources */,
				661741101D2B63EE005A5221 /* FanNavigationController.m in Sources */,
				669A28192886BC86001EBFCB /* FanAnimationToll.m in Sources */,
				669A28072886BC86001EBFCB /* FanUIKit.m in Sources */,
				66B396871D2A532000A40A06 /* FanGesturePasswordView.m in Sources */,
				66E81A5F1E72A791008E887E /* FanCommonViewController.m in Sources */,
				667A9FCA1CFEC619009B1D53 /* AppDelegate.m in Sources */,
				669A28142886BC86001EBFCB /* NSNull+FanNull.m in Sources */,
				669A280E2886BC86001EBFCB /* UIViewController+FanRoot.m in Sources */,
				669A28062886BC86001EBFCB /* NSObject+FanDictionary.m in Sources */,
				669A28102886BC86001EBFCB /* FanRgbView.m in Sources */,
				669A28182886BC86001EBFCB /* FanTextField.m in Sources */,
				66E81A551E7253B8008E887E /* FanTestViewController.m in Sources */,
				669A280C2886BC86001EBFCB /* FanVideoRecord.m in Sources */,
				669A28112886BC86001EBFCB /* FanAudioConverter.m in Sources */,
				66B396611D2A3F0C00A40A06 /* FanSideslipManager.m in Sources */,
				667A9FC71CFEC619009B1D53 /* main.m in Sources */,
				66B3968C1D2A536400A40A06 /* FanSwiperbleView.m in Sources */,
				669A28092886BC86001EBFCB /* FanDeviceOrientation.m in Sources */,
				66B3967E1D2A52B400A40A06 /* FanActionSheetView.m in Sources */,
				669A280D2886BC86001EBFCB /* NSBundle+FanKit.m in Sources */,
				66B3967F1D2A52B400A40A06 /* FanShareView.m in Sources */,
				669A280F2886BC86001EBFCB /* NSString+FanTime.m in Sources */,
				669A28082886BC86001EBFCB /* FanAnyObject.m in Sources */,
				66E81A651E72C069008E887E /* FanSwiperbleViewController.m in Sources */,
				669A28152886BC86001EBFCB /* FanDrawLayer.m in Sources */,
				669A281A2886BC86001EBFCB /* FanDataTool.m in Sources */,
				6683109122842F1500444009 /* FanColorView.m in Sources */,
				669A281E2886BC86001EBFCB /* NSDictionary+FanNull.m in Sources */,
				669A28172886BC86001EBFCB /* FanToolBox.m in Sources */,
			);
			runOnlyForDeploymentPostprocessing = 0;
		};
		667A9FD71CFEC619009B1D53 /* Sources */ = {
			isa = PBXSourcesBuildPhase;
			buildActionMask = 2147483647;
			files = (
				667A9FE01CFEC619009B1D53 /* FanKitTests.m in Sources */,
			);
			runOnlyForDeploymentPostprocessing = 0;
		};
		667A9FE21CFEC619009B1D53 /* Sources */ = {
			isa = PBXSourcesBuildPhase;
			buildActionMask = 2147483647;
			files = (
				667A9FEB1CFEC619009B1D53 /* FanKitUITests.m in Sources */,
			);
			runOnlyForDeploymentPostprocessing = 0;
		};
/* End PBXSourcesBuildPhase section */

/* Begin PBXTargetDependency section */
		667A9FDD1CFEC619009B1D53 /* PBXTargetDependency */ = {
			isa = PBXTargetDependency;
			target = 667A9FC11CFEC619009B1D53 /* FanKit */;
			targetProxy = 667A9FDC1CFEC619009B1D53 /* PBXContainerItemProxy */;
		};
		667A9FE81CFEC619009B1D53 /* PBXTargetDependency */ = {
			isa = PBXTargetDependency;
			target = 667A9FC11CFEC619009B1D53 /* FanKit */;
			targetProxy = 667A9FE71CFEC619009B1D53 /* PBXContainerItemProxy */;
		};
/* End PBXTargetDependency section */

/* Begin PBXVariantGroup section */
		667A9FCE1CFEC619009B1D53 /* Main.storyboard */ = {
			isa = PBXVariantGroup;
			children = (
				667A9FCF1CFEC619009B1D53 /* Base */,
			);
			name = Main.storyboard;
			sourceTree = "<group>";
		};
		667A9FD31CFEC619009B1D53 /* LaunchScreen.storyboard */ = {
			isa = PBXVariantGroup;
			children = (
				667A9FD41CFEC619009B1D53 /* Base */,
			);
			name = LaunchScreen.storyboard;
			sourceTree = "<group>";
		};
/* End PBXVariantGroup section */

/* Begin XCBuildConfiguration section */
		667A9FED1CFEC619009B1D53 /* Debug */ = {
			isa = XCBuildConfiguration;
			buildSettings = {
				ALWAYS_SEARCH_USER_PATHS = NO;
				CLANG_ANALYZER_LOCALIZABILITY_NONLOCALIZED = YES;
				CLANG_ANALYZER_NONNULL = YES;
				CLANG_CXX_LANGUAGE_STANDARD = "gnu++0x";
				CLANG_CXX_LIBRARY = "libc++";
				CLANG_ENABLE_MODULES = YES;
				CLANG_ENABLE_OBJC_ARC = YES;
				CLANG_WARN_BLOCK_CAPTURE_AUTORELEASING = YES;
				CLANG_WARN_BOOL_CONVERSION = YES;
				CLANG_WARN_COMMA = YES;
				CLANG_WARN_CONSTANT_CONVERSION = YES;
				CLANG_WARN_DEPRECATED_OBJC_IMPLEMENTATIONS = YES;
				CLANG_WARN_DIRECT_OBJC_ISA_USAGE = YES_ERROR;
				CLANG_WARN_EMPTY_BODY = YES;
				CLANG_WARN_ENUM_CONVERSION = YES;
				CLANG_WARN_INFINITE_RECURSION = YES;
				CLANG_WARN_INT_CONVERSION = YES;
				CLANG_WARN_NON_LITERAL_NULL_CONVERSION = YES;
				CLANG_WARN_OBJC_IMPLICIT_RETAIN_SELF = YES;
				CLANG_WARN_OBJC_LITERAL_CONVERSION = YES;
				CLANG_WARN_OBJC_ROOT_CLASS = YES_ERROR;
				CLANG_WARN_RANGE_LOOP_ANALYSIS = YES;
				CLANG_WARN_STRICT_PROTOTYPES = YES;
				CLANG_WARN_SUSPICIOUS_MOVE = YES;
				CLANG_WARN_UNREACHABLE_CODE = YES;
				CLANG_WARN__DUPLICATE_METHOD_MATCH = YES;
				"CODE_SIGN_IDENTITY[sdk=iphoneos*]" = "iPhone Developer";
				COPY_PHASE_STRIP = NO;
				DEBUG_INFORMATION_FORMAT = dwarf;
				ENABLE_STRICT_OBJC_MSGSEND = YES;
				ENABLE_TESTABILITY = YES;
				GCC_C_LANGUAGE_STANDARD = gnu99;
				GCC_DYNAMIC_NO_PIC = NO;
				GCC_NO_COMMON_BLOCKS = YES;
				GCC_OPTIMIZATION_LEVEL = 0;
				GCC_PREPROCESSOR_DEFINITIONS = (
					"DEBUG=1",
					"$(inherited)",
				);
				GCC_WARN_64_TO_32_BIT_CONVERSION = YES;
				GCC_WARN_ABOUT_RETURN_TYPE = YES_ERROR;
				GCC_WARN_UNDECLARED_SELECTOR = YES;
				GCC_WARN_UNINITIALIZED_AUTOS = YES_AGGRESSIVE;
				GCC_WARN_UNUSED_FUNCTION = YES;
				GCC_WARN_UNUSED_VARIABLE = YES;
				IPHONEOS_DEPLOYMENT_TARGET = 9.3;
				MTL_ENABLE_DEBUG_INFO = YES;
				ONLY_ACTIVE_ARCH = YES;
				SDKROOT = iphoneos;
				TARGETED_DEVICE_FAMILY = "1,2";
			};
			name = Debug;
		};
		667A9FEE1CFEC619009B1D53 /* Release */ = {
			isa = XCBuildConfiguration;
			buildSettings = {
				ALWAYS_SEARCH_USER_PATHS = NO;
				CLANG_ANALYZER_LOCALIZABILITY_NONLOCALIZED = YES;
				CLANG_ANALYZER_NONNULL = YES;
				CLANG_CXX_LANGUAGE_STANDARD = "gnu++0x";
				CLANG_CXX_LIBRARY = "libc++";
				CLANG_ENABLE_MODULES = YES;
				CLANG_ENABLE_OBJC_ARC = YES;
				CLANG_WARN_BLOCK_CAPTURE_AUTORELEASING = YES;
				CLANG_WARN_BOOL_CONVERSION = YES;
				CLANG_WARN_COMMA = YES;
				CLANG_WARN_CONSTANT_CONVERSION = YES;
				CLANG_WARN_DEPRECATED_OBJC_IMPLEMENTATIONS = YES;
				CLANG_WARN_DIRECT_OBJC_ISA_USAGE = YES_ERROR;
				CLANG_WARN_EMPTY_BODY = YES;
				CLANG_WARN_ENUM_CONVERSION = YES;
				CLANG_WARN_INFINITE_RECURSION = YES;
				CLANG_WARN_INT_CONVERSION = YES;
				CLANG_WARN_NON_LITERAL_NULL_CONVERSION = YES;
				CLANG_WARN_OBJC_IMPLICIT_RETAIN_SELF = YES;
				CLANG_WARN_OBJC_LITERAL_CONVERSION = YES;
				CLANG_WARN_OBJC_ROOT_CLASS = YES_ERROR;
				CLANG_WARN_RANGE_LOOP_ANALYSIS = YES;
				CLANG_WARN_STRICT_PROTOTYPES = YES;
				CLANG_WARN_SUSPICIOUS_MOVE = YES;
				CLANG_WARN_UNREACHABLE_CODE = YES;
				CLANG_WARN__DUPLICATE_METHOD_MATCH = YES;
				"CODE_SIGN_IDENTITY[sdk=iphoneos*]" = "iPhone Developer";
				COPY_PHASE_STRIP = NO;
				DEBUG_INFORMATION_FORMAT = "dwarf-with-dsym";
				ENABLE_NS_ASSERTIONS = NO;
				ENABLE_STRICT_OBJC_MSGSEND = YES;
				GCC_C_LANGUAGE_STANDARD = gnu99;
				GCC_NO_COMMON_BLOCKS = YES;
				GCC_WARN_64_TO_32_BIT_CONVERSION = YES;
				GCC_WARN_ABOUT_RETURN_TYPE = YES_ERROR;
				GCC_WARN_UNDECLARED_SELECTOR = YES;
				GCC_WARN_UNINITIALIZED_AUTOS = YES_AGGRESSIVE;
				GCC_WARN_UNUSED_FUNCTION = YES;
				GCC_WARN_UNUSED_VARIABLE = YES;
				IPHONEOS_DEPLOYMENT_TARGET = 9.3;
				MTL_ENABLE_DEBUG_INFO = NO;
				SDKROOT = iphoneos;
				TARGETED_DEVICE_FAMILY = "1,2";
				VALIDATE_PRODUCT = YES;
			};
			name = Release;
		};
		667A9FF01CFEC619009B1D53 /* Debug */ = {
			isa = XCBuildConfiguration;
			buildSettings = {
				ASSETCATALOG_COMPILER_APPICON_NAME = AppIcon;
				DEVELOPMENT_TEAM = NW3X9NZ9UP;
				INFOPLIST_FILE = FanKit/Info.plist;
				IPHONEOS_DEPLOYMENT_TARGET = 9.0;
				LD_RUNPATH_SEARCH_PATHS = "$(inherited) @executable_path/Frameworks";
				PRODUCT_BUNDLE_IDENTIFIER = com.fan.FanKit;
				PRODUCT_NAME = "$(TARGET_NAME)";
			};
			name = Debug;
		};
		667A9FF11CFEC619009B1D53 /* Release */ = {
			isa = XCBuildConfiguration;
			buildSettings = {
				ASSETCATALOG_COMPILER_APPICON_NAME = AppIcon;
				DEVELOPMENT_TEAM = NW3X9NZ9UP;
				INFOPLIST_FILE = FanKit/Info.plist;
				IPHONEOS_DEPLOYMENT_TARGET = 9.0;
				LD_RUNPATH_SEARCH_PATHS = "$(inherited) @executable_path/Frameworks";
				PRODUCT_BUNDLE_IDENTIFIER = com.fan.FanKit;
				PRODUCT_NAME = "$(TARGET_NAME)";
			};
			name = Release;
		};
		667A9FF31CFEC619009B1D53 /* Debug */ = {
			isa = XCBuildConfiguration;
			buildSettings = {
				BUNDLE_LOADER = "$(TEST_HOST)";
				INFOPLIST_FILE = FanKitTests/Info.plist;
				LD_RUNPATH_SEARCH_PATHS = "$(inherited) @executable_path/Frameworks @loader_path/Frameworks";
				PRODUCT_BUNDLE_IDENTIFIER = com.fan.FanKitTests;
				PRODUCT_NAME = "$(TARGET_NAME)";
				TEST_HOST = "$(BUILT_PRODUCTS_DIR)/FanKit.app/FanKit";
			};
			name = Debug;
		};
		667A9FF41CFEC619009B1D53 /* Release */ = {
			isa = XCBuildConfiguration;
			buildSettings = {
				BUNDLE_LOADER = "$(TEST_HOST)";
				INFOPLIST_FILE = FanKitTests/Info.plist;
				LD_RUNPATH_SEARCH_PATHS = "$(inherited) @executable_path/Frameworks @loader_path/Frameworks";
				PRODUCT_BUNDLE_IDENTIFIER = com.fan.FanKitTests;
				PRODUCT_NAME = "$(TARGET_NAME)";
				TEST_HOST = "$(BUILT_PRODUCTS_DIR)/FanKit.app/FanKit";
			};
			name = Release;
		};
		667A9FF61CFEC619009B1D53 /* Debug */ = {
			isa = XCBuildConfiguration;
			buildSettings = {
				INFOPLIST_FILE = FanKitUITests/Info.plist;
				LD_RUNPATH_SEARCH_PATHS = "$(inherited) @executable_path/Frameworks @loader_path/Frameworks";
				PRODUCT_BUNDLE_IDENTIFIER = com.fan.FanKitUITests;
				PRODUCT_NAME = "$(TARGET_NAME)";
				TEST_TARGET_NAME = FanKit;
			};
			name = Debug;
		};
		667A9FF71CFEC619009B1D53 /* Release */ = {
			isa = XCBuildConfiguration;
			buildSettings = {
				INFOPLIST_FILE = FanKitUITests/Info.plist;
				LD_RUNPATH_SEARCH_PATHS = "$(inherited) @executable_path/Frameworks @loader_path/Frameworks";
				PRODUCT_BUNDLE_IDENTIFIER = com.fan.FanKitUITests;
				PRODUCT_NAME = "$(TARGET_NAME)";
				TEST_TARGET_NAME = FanKit;
			};
			name = Release;
		};
/* End XCBuildConfiguration section */

/* Begin XCConfigurationList section */
		667A9FBD1CFEC619009B1D53 /* Build configuration list for PBXProject "FanKit" */ = {
			isa = XCConfigurationList;
			buildConfigurations = (
				667A9FED1CFEC619009B1D53 /* Debug */,
				667A9FEE1CFEC619009B1D53 /* Release */,
			);
			defaultConfigurationIsVisible = 0;
			defaultConfigurationName = Release;
		};
		667A9FEF1CFEC619009B1D53 /* Build configuration list for PBXNativeTarget "FanKit" */ = {
			isa = XCConfigurationList;
			buildConfigurations = (
				667A9FF01CFEC619009B1D53 /* Debug */,
				667A9FF11CFEC619009B1D53 /* Release */,
			);
			defaultConfigurationIsVisible = 0;
			defaultConfigurationName = Release;
		};
		667A9FF21CFEC619009B1D53 /* Build configuration list for PBXNativeTarget "FanKitTests" */ = {
			isa = XCConfigurationList;
			buildConfigurations = (
				667A9FF31CFEC619009B1D53 /* Debug */,
				667A9FF41CFEC619009B1D53 /* Release */,
			);
			defaultConfigurationIsVisible = 0;
			defaultConfigurationName = Release;
		};
		667A9FF51CFEC619009B1D53 /* Build configuration list for PBXNativeTarget "FanKitUITests" */ = {
			isa = XCConfigurationList;
			buildConfigurations = (
				667A9FF61CFEC619009B1D53 /* Debug */,
				667A9FF71CFEC619009B1D53 /* Release */,
			);
			defaultConfigurationIsVisible = 0;
			defaultConfigurationName = Release;
		};
/* End XCConfigurationList section */
	};
	rootObject = 667A9FBA1CFEC619009B1D53 /* Project object */;
}
